<?xml version="1.0" encoding="UTF-8"?>
<CodeBlocks_project_file>
	<FileVersion major="1" minor="6"/>
	<Project>
		<Option title="IconHelper"/>
		<Option makefile_is_custom="1"/>
		<Option compiler="gcc"/>
		<Option virtualFolders="CMake Files\;CMake Files\src\;CMake Files\src\cpuMonitor\;CMake Files\src\iconHelper\;CMake Files\src\playFFmpeg\;CMake Files\src\videoPanel\;CMake Files\src\addVideoDevice\;CMake Files\cmake\;CMake Files\..\;CMake Files\..\..\;CMake Files\..\..\..\;CMake Files\..\..\..\..\;CMake Files\..\..\..\..\opt\;CMake Files\..\..\..\..\opt\homebrew\;CMake Files\..\..\..\..\opt\homebrew\Cellar\;CMake Files\..\..\..\..\opt\homebrew\Cellar\qt@5\;CMake Files\..\..\..\..\opt\homebrew\Cellar\qt@5\5.15.8_1\;CMake Files\..\..\..\..\opt\homebrew\Cellar\qt@5\5.15.8_1\lib\;CMake Files\..\..\..\..\opt\homebrew\Cellar\qt@5\5.15.8_1\lib\cmake\;CMake Files\..\..\..\..\opt\homebrew\Cellar\qt@5\5.15.8_1\lib\cmake\Qt5\;CMake Files\..\..\..\..\opt\homebrew\Cellar\qt@5\5.15.8_1\lib\cmake\Qt5Core\;CMake Files\..\..\..\..\opt\homebrew\Cellar\qt@5\5.15.8_1\lib\cmake\Qt5Gui\;CMake Files\..\..\..\..\opt\homebrew\Cellar\qt@5\5.15.8_1\lib\cmake\Qt5Widgets\;CMake Files\test\;"/>
		<Build>
			<Target title="all">
				<Option working_dir="/Users/zwy/CppProject/VidManPlat/0build-mac/src/iconHelper"/>
				<Option type="4"/>
				<MakeCommands>
					<Build command="/usr/bin/make -j8 -f &quot;/Users/zwy/CppProject/VidManPlat/0build-mac/src/iconHelper/Makefile&quot;  VERBOSE=1 all"/>
					<CompileFile command="/usr/bin/make -j8 -f &quot;/Users/zwy/CppProject/VidManPlat/0build-mac/src/iconHelper/Makefile&quot;  VERBOSE=1 &quot;$file&quot;"/>
					<Clean command="/usr/bin/make -j8 -f &quot;/Users/zwy/CppProject/VidManPlat/0build-mac/src/iconHelper/Makefile&quot;  VERBOSE=1 clean"/>
					<DistClean command="/usr/bin/make -j8 -f &quot;/Users/zwy/CppProject/VidManPlat/0build-mac/src/iconHelper/Makefile&quot;  VERBOSE=1 clean"/>
				</MakeCommands>
			</Target>
			<Target title="IconHelper">
				<Option output="/Users/zwy/CppProject/VidManPlat/lib/libIconHelper.a" prefix_auto="0" extension_auto="0"/>
				<Option working_dir="/Users/zwy/CppProject/VidManPlat/0build-mac/src/iconHelper"/>
				<Option object_output="./"/>
				<Option type="2"/>
				<Option compiler="gcc"/>
				<Compiler>
					<Add option="-DQT_CORE_LIB"/>
					<Add option="-DQT_GUI_LIB"/>
					<Add option="-DQT_WIDGETS_LIB"/>
					<Add directory="/Users/zwy/CppProject/VidManPlat/0build-mac/src/iconHelper/IconHelper_autogen/include"/>
					<Add directory="/Users/zwy/CppProject/VidManPlat/3rdparty/ffmpeg4.4.3/macos/include"/>
					<Add directory="/opt/homebrew/Cellar/qt@5/5.15.8_1/lib/QtCore.framework"/>
					<Add directory="/opt/homebrew/Cellar/qt@5/5.15.8_1/lib/QtCore.framework/Headers"/>
					<Add directory="/opt/homebrew/Cellar/qt@5/5.15.8_1/./mkspecs/macx-clang"/>
					<Add directory="/opt/homebrew/Cellar/qt@5/5.15.8_1/lib/QtGui.framework"/>
					<Add directory="/opt/homebrew/Cellar/qt@5/5.15.8_1/lib/QtGui.framework/Headers"/>
					<Add directory="/Library/Developer/CommandLineTools/SDKs/MacOSX13.1.sdk/System/Library/Frameworks/OpenGL.framework/Headers"/>
					<Add directory="/opt/homebrew/Cellar/qt@5/5.15.8_1/lib/QtWidgets.framework"/>
					<Add directory="/opt/homebrew/Cellar/qt@5/5.15.8_1/lib/QtWidgets.framework/Headers"/>
					<Add directory="/usr/local/include"/>
					<Add directory="/Library/Developer/CommandLineTools/SDKs/MacOSX.sdk/usr/include/c++/v1"/>
					<Add directory="/Library/Developer/CommandLineTools/usr/lib/clang/14.0.0/include"/>
					<Add directory="/Library/Developer/CommandLineTools/SDKs/MacOSX.sdk/usr/include"/>
					<Add directory="/Library/Developer/CommandLineTools/usr/include"/>
					<Add directory="/Library/Developer/CommandLineTools/SDKs/MacOSX.sdk/System/Library/Frameworks"/>
				</Compiler>
				<MakeCommands>
					<Build command="/usr/bin/make -j8 -f &quot;/Users/zwy/CppProject/VidManPlat/0build-mac/src/iconHelper/Makefile&quot;  VERBOSE=1 IconHelper"/>
					<CompileFile command="/usr/bin/make -j8 -f &quot;/Users/zwy/CppProject/VidManPlat/0build-mac/src/iconHelper/Makefile&quot;  VERBOSE=1 &quot;$file&quot;"/>
					<Clean command="/usr/bin/make -j8 -f &quot;/Users/zwy/CppProject/VidManPlat/0build-mac/src/iconHelper/Makefile&quot;  VERBOSE=1 clean"/>
					<DistClean command="/usr/bin/make -j8 -f &quot;/Users/zwy/CppProject/VidManPlat/0build-mac/src/iconHelper/Makefile&quot;  VERBOSE=1 clean"/>
				</MakeCommands>
			</Target>
			<Target title="IconHelper/fast">
				<Option output="/Users/zwy/CppProject/VidManPlat/lib/libIconHelper.a" prefix_auto="0" extension_auto="0"/>
				<Option working_dir="/Users/zwy/CppProject/VidManPlat/0build-mac/src/iconHelper"/>
				<Option object_output="./"/>
				<Option type="2"/>
				<Option compiler="gcc"/>
				<Compiler>
					<Add option="-DQT_CORE_LIB"/>
					<Add option="-DQT_GUI_LIB"/>
					<Add option="-DQT_WIDGETS_LIB"/>
					<Add directory="/Users/zwy/CppProject/VidManPlat/0build-mac/src/iconHelper/IconHelper_autogen/include"/>
					<Add directory="/Users/zwy/CppProject/VidManPlat/3rdparty/ffmpeg4.4.3/macos/include"/>
					<Add directory="/opt/homebrew/Cellar/qt@5/5.15.8_1/lib/QtCore.framework"/>
					<Add directory="/opt/homebrew/Cellar/qt@5/5.15.8_1/lib/QtCore.framework/Headers"/>
					<Add directory="/opt/homebrew/Cellar/qt@5/5.15.8_1/./mkspecs/macx-clang"/>
					<Add directory="/opt/homebrew/Cellar/qt@5/5.15.8_1/lib/QtGui.framework"/>
					<Add directory="/opt/homebrew/Cellar/qt@5/5.15.8_1/lib/QtGui.framework/Headers"/>
					<Add directory="/Library/Developer/CommandLineTools/SDKs/MacOSX13.1.sdk/System/Library/Frameworks/OpenGL.framework/Headers"/>
					<Add directory="/opt/homebrew/Cellar/qt@5/5.15.8_1/lib/QtWidgets.framework"/>
					<Add directory="/opt/homebrew/Cellar/qt@5/5.15.8_1/lib/QtWidgets.framework/Headers"/>
					<Add directory="/usr/local/include"/>
					<Add directory="/Library/Developer/CommandLineTools/SDKs/MacOSX.sdk/usr/include/c++/v1"/>
					<Add directory="/Library/Developer/CommandLineTools/usr/lib/clang/14.0.0/include"/>
					<Add directory="/Library/Developer/CommandLineTools/SDKs/MacOSX.sdk/usr/include"/>
					<Add directory="/Library/Developer/CommandLineTools/usr/include"/>
					<Add directory="/Library/Developer/CommandLineTools/SDKs/MacOSX.sdk/System/Library/Frameworks"/>
				</Compiler>
				<MakeCommands>
					<Build command="/usr/bin/make -j8 -f &quot;/Users/zwy/CppProject/VidManPlat/0build-mac/src/iconHelper/Makefile&quot;  VERBOSE=1 IconHelper/fast"/>
					<CompileFile command="/usr/bin/make -j8 -f &quot;/Users/zwy/CppProject/VidManPlat/0build-mac/src/iconHelper/Makefile&quot;  VERBOSE=1 &quot;$file&quot;"/>
					<Clean command="/usr/bin/make -j8 -f &quot;/Users/zwy/CppProject/VidManPlat/0build-mac/src/iconHelper/Makefile&quot;  VERBOSE=1 clean"/>
					<DistClean command="/usr/bin/make -j8 -f &quot;/Users/zwy/CppProject/VidManPlat/0build-mac/src/iconHelper/Makefile&quot;  VERBOSE=1 clean"/>
				</MakeCommands>
			</Target>
			<Target title="IconHelper_autogen">
				<Option working_dir="/Users/zwy/CppProject/VidManPlat/0build-mac/src/iconHelper"/>
				<Option type="4"/>
				<MakeCommands>
					<Build command="/usr/bin/make -j8 -f &quot;/Users/zwy/CppProject/VidManPlat/0build-mac/src/iconHelper/Makefile&quot;  VERBOSE=1 IconHelper_autogen"/>
					<CompileFile command="/usr/bin/make -j8 -f &quot;/Users/zwy/CppProject/VidManPlat/0build-mac/src/iconHelper/Makefile&quot;  VERBOSE=1 &quot;$file&quot;"/>
					<Clean command="/usr/bin/make -j8 -f &quot;/Users/zwy/CppProject/VidManPlat/0build-mac/src/iconHelper/Makefile&quot;  VERBOSE=1 clean"/>
					<DistClean command="/usr/bin/make -j8 -f &quot;/Users/zwy/CppProject/VidManPlat/0build-mac/src/iconHelper/Makefile&quot;  VERBOSE=1 clean"/>
				</MakeCommands>
			</Target>
		</Build>
		<Unit filename="/Users/zwy/CppProject/VidManPlat/0build-mac/src/iconHelper/IconHelper_autogen/mocs_compilation.cpp">
			<Option target="IconHelper"/>
		</Unit>
		<Unit filename="/Users/zwy/CppProject/VidManPlat/src/iconHelper/iconhelper.cpp">
			<Option target="IconHelper"/>
		</Unit>
		<Unit filename="/Users/zwy/CppProject/VidManPlat/src/iconHelper/iconhelper.h">
			<Option target="IconHelper"/>
		</Unit>
		<Unit filename="/Users/zwy/CppProject/VidManPlat/CMakeLists.txt">
			<Option virtualFolder="CMake Files\"/>
		</Unit>
		<Unit filename="/Users/zwy/CppProject/VidManPlat/src/CMakeLists.txt">
			<Option virtualFolder="CMake Files\src\"/>
		</Unit>
		<Unit filename="/Users/zwy/CppProject/VidManPlat/src/qss.qrc">
			<Option virtualFolder="CMake Files\src\"/>
		</Unit>
		<Unit filename="/Users/zwy/CppProject/VidManPlat/src/resource.qrc">
			<Option virtualFolder="CMake Files\src\"/>
		</Unit>
		<Unit filename="/Users/zwy/CppProject/VidManPlat/src/cpuMonitor/CMakeLists.txt">
			<Option virtualFolder="CMake Files\src\cpuMonitor\"/>
		</Unit>
		<Unit filename="/Users/zwy/CppProject/VidManPlat/src/iconHelper/CMakeLists.txt">
			<Option virtualFolder="CMake Files\src\iconHelper\"/>
		</Unit>
		<Unit filename="/Users/zwy/CppProject/VidManPlat/src/playFFmpeg/CMakeLists.txt">
			<Option virtualFolder="CMake Files\src\playFFmpeg\"/>
		</Unit>
		<Unit filename="/Users/zwy/CppProject/VidManPlat/src/videoPanel/CMakeLists.txt">
			<Option virtualFolder="CMake Files\src\videoPanel\"/>
		</Unit>
		<Unit filename="/Users/zwy/CppProject/VidManPlat/src/addVideoDevice/CMakeLists.txt">
			<Option virtualFolder="CMake Files\src\addVideoDevice\"/>
		</Unit>
		<Unit filename="/Users/zwy/CppProject/VidManPlat/cmake/findFFmpeg.cmake">
			<Option virtualFolder="CMake Files\cmake\"/>
		</Unit>
		<Unit filename="/Users/zwy/CppProject/VidManPlat/cmake/findQt5.cmake">
			<Option virtualFolder="CMake Files\cmake\"/>
		</Unit>
		<Unit filename="/Users/zwy/CppProject/VidManPlat/../../../../opt/homebrew/Cellar/qt@5/5.15.8_1/lib/cmake/Qt5/Qt5Config.cmake">
			<Option virtualFolder="CMake Files\..\..\..\..\opt\homebrew\Cellar\qt@5\5.15.8_1\lib\cmake\Qt5\"/>
		</Unit>
		<Unit filename="/Users/zwy/CppProject/VidManPlat/../../../../opt/homebrew/Cellar/qt@5/5.15.8_1/lib/cmake/Qt5/Qt5ConfigVersion.cmake">
			<Option virtualFolder="CMake Files\..\..\..\..\opt\homebrew\Cellar\qt@5\5.15.8_1\lib\cmake\Qt5\"/>
		</Unit>
		<Unit filename="/Users/zwy/CppProject/VidManPlat/../../../../opt/homebrew/Cellar/qt@5/5.15.8_1/lib/cmake/Qt5/Qt5ModuleLocation.cmake">
			<Option virtualFolder="CMake Files\..\..\..\..\opt\homebrew\Cellar\qt@5\5.15.8_1\lib\cmake\Qt5\"/>
		</Unit>
		<Unit filename="/Users/zwy/CppProject/VidManPlat/../../../../opt/homebrew/Cellar/qt@5/5.15.8_1/lib/cmake/Qt5Core/Qt5CoreConfig.cmake">
			<Option virtualFolder="CMake Files\..\..\..\..\opt\homebrew\Cellar\qt@5\5.15.8_1\lib\cmake\Qt5Core\"/>
		</Unit>
		<Unit filename="/Users/zwy/CppProject/VidManPlat/../../../../opt/homebrew/Cellar/qt@5/5.15.8_1/lib/cmake/Qt5Core/Qt5CoreConfigExtras.cmake">
			<Option virtualFolder="CMake Files\..\..\..\..\opt\homebrew\Cellar\qt@5\5.15.8_1\lib\cmake\Qt5Core\"/>
		</Unit>
		<Unit filename="/Users/zwy/CppProject/VidManPlat/../../../../opt/homebrew/Cellar/qt@5/5.15.8_1/lib/cmake/Qt5Core/Qt5CoreConfigExtrasMkspecDir.cmake">
			<Option virtualFolder="CMake Files\..\..\..\..\opt\homebrew\Cellar\qt@5\5.15.8_1\lib\cmake\Qt5Core\"/>
		</Unit>
		<Unit filename="/Users/zwy/CppProject/VidManPlat/../../../../opt/homebrew/Cellar/qt@5/5.15.8_1/lib/cmake/Qt5Core/Qt5CoreConfigVersion.cmake">
			<Option virtualFolder="CMake Files\..\..\..\..\opt\homebrew\Cellar\qt@5\5.15.8_1\lib\cmake\Qt5Core\"/>
		</Unit>
		<Unit filename="/Users/zwy/CppProject/VidManPlat/../../../../opt/homebrew/Cellar/qt@5/5.15.8_1/lib/cmake/Qt5Core/Qt5CoreMacros.cmake">
			<Option virtualFolder="CMake Files\..\..\..\..\opt\homebrew\Cellar\qt@5\5.15.8_1\lib\cmake\Qt5Core\"/>
		</Unit>
		<Unit filename="/Users/zwy/CppProject/VidManPlat/../../../../opt/homebrew/Cellar/qt@5/5.15.8_1/lib/cmake/Qt5Gui/Qt5GuiConfig.cmake">
			<Option virtualFolder="CMake Files\..\..\..\..\opt\homebrew\Cellar\qt@5\5.15.8_1\lib\cmake\Qt5Gui\"/>
		</Unit>
		<Unit filename="/Users/zwy/CppProject/VidManPlat/../../../../opt/homebrew/Cellar/qt@5/5.15.8_1/lib/cmake/Qt5Gui/Qt5GuiConfigExtras.cmake">
			<Option virtualFolder="CMake Files\..\..\..\..\opt\homebrew\Cellar\qt@5\5.15.8_1\lib\cmake\Qt5Gui\"/>
		</Unit>
		<Unit filename="/Users/zwy/CppProject/VidManPlat/../../../../opt/homebrew/Cellar/qt@5/5.15.8_1/lib/cmake/Qt5Gui/Qt5GuiConfigVersion.cmake">
			<Option virtualFolder="CMake Files\..\..\..\..\opt\homebrew\Cellar\qt@5\5.15.8_1\lib\cmake\Qt5Gui\"/>
		</Unit>
		<Unit filename="/Users/zwy/CppProject/VidManPlat/../../../../opt/homebrew/Cellar/qt@5/5.15.8_1/lib/cmake/Qt5Gui/Qt5Gui_QCocoaIntegrationPlugin.cmake">
			<Option virtualFolder="CMake Files\..\..\..\..\opt\homebrew\Cellar\qt@5\5.15.8_1\lib\cmake\Qt5Gui\"/>
		</Unit>
		<Unit filename="/Users/zwy/CppProject/VidManPlat/../../../../opt/homebrew/Cellar/qt@5/5.15.8_1/lib/cmake/Qt5Gui/Qt5Gui_QGifPlugin.cmake">
			<Option virtualFolder="CMake Files\..\..\..\..\opt\homebrew\Cellar\qt@5\5.15.8_1\lib\cmake\Qt5Gui\"/>
		</Unit>
		<Unit filename="/Users/zwy/CppProject/VidManPlat/../../../../opt/homebrew/Cellar/qt@5/5.15.8_1/lib/cmake/Qt5Gui/Qt5Gui_QICNSPlugin.cmake">
			<Option virtualFolder="CMake Files\..\..\..\..\opt\homebrew\Cellar\qt@5\5.15.8_1\lib\cmake\Qt5Gui\"/>
		</Unit>
		<Unit filename="/Users/zwy/CppProject/VidManPlat/../../../../opt/homebrew/Cellar/qt@5/5.15.8_1/lib/cmake/Qt5Gui/Qt5Gui_QICOPlugin.cmake">
			<Option virtualFolder="CMake Files\..\..\..\..\opt\homebrew\Cellar\qt@5\5.15.8_1\lib\cmake\Qt5Gui\"/>
		</Unit>
		<Unit filename="/Users/zwy/CppProject/VidManPlat/../../../../opt/homebrew/Cellar/qt@5/5.15.8_1/lib/cmake/Qt5Gui/Qt5Gui_QJpegPlugin.cmake">
			<Option virtualFolder="CMake Files\..\..\..\..\opt\homebrew\Cellar\qt@5\5.15.8_1\lib\cmake\Qt5Gui\"/>
		</Unit>
		<Unit filename="/Users/zwy/CppProject/VidManPlat/../../../../opt/homebrew/Cellar/qt@5/5.15.8_1/lib/cmake/Qt5Gui/Qt5Gui_QMacHeifPlugin.cmake">
			<Option virtualFolder="CMake Files\..\..\..\..\opt\homebrew\Cellar\qt@5\5.15.8_1\lib\cmake\Qt5Gui\"/>
		</Unit>
		<Unit filename="/Users/zwy/CppProject/VidManPlat/../../../../opt/homebrew/Cellar/qt@5/5.15.8_1/lib/cmake/Qt5Gui/Qt5Gui_QMacJp2Plugin.cmake">
			<Option virtualFolder="CMake Files\..\..\..\..\opt\homebrew\Cellar\qt@5\5.15.8_1\lib\cmake\Qt5Gui\"/>
		</Unit>
		<Unit filename="/Users/zwy/CppProject/VidManPlat/../../../../opt/homebrew/Cellar/qt@5/5.15.8_1/lib/cmake/Qt5Gui/Qt5Gui_QMinimalIntegrationPlugin.cmake">
			<Option virtualFolder="CMake Files\..\..\..\..\opt\homebrew\Cellar\qt@5\5.15.8_1\lib\cmake\Qt5Gui\"/>
		</Unit>
		<Unit filename="/Users/zwy/CppProject/VidManPlat/../../../../opt/homebrew/Cellar/qt@5/5.15.8_1/lib/cmake/Qt5Gui/Qt5Gui_QOffscreenIntegrationPlugin.cmake">
			<Option virtualFolder="CMake Files\..\..\..\..\opt\homebrew\Cellar\qt@5\5.15.8_1\lib\cmake\Qt5Gui\"/>
		</Unit>
		<Unit filename="/Users/zwy/CppProject/VidManPlat/../../../../opt/homebrew/Cellar/qt@5/5.15.8_1/lib/cmake/Qt5Gui/Qt5Gui_QPdfPlugin.cmake">
			<Option virtualFolder="CMake Files\..\..\..\..\opt\homebrew\Cellar\qt@5\5.15.8_1\lib\cmake\Qt5Gui\"/>
		</Unit>
		<Unit filename="/Users/zwy/CppProject/VidManPlat/../../../../opt/homebrew/Cellar/qt@5/5.15.8_1/lib/cmake/Qt5Gui/Qt5Gui_QSvgIconPlugin.cmake">
			<Option virtualFolder="CMake Files\..\..\..\..\opt\homebrew\Cellar\qt@5\5.15.8_1\lib\cmake\Qt5Gui\"/>
		</Unit>
		<Unit filename="/Users/zwy/CppProject/VidManPlat/../../../../opt/homebrew/Cellar/qt@5/5.15.8_1/lib/cmake/Qt5Gui/Qt5Gui_QSvgPlugin.cmake">
			<Option virtualFolder="CMake Files\..\..\..\..\opt\homebrew\Cellar\qt@5\5.15.8_1\lib\cmake\Qt5Gui\"/>
		</Unit>
		<Unit filename="/Users/zwy/CppProject/VidManPlat/../../../../opt/homebrew/Cellar/qt@5/5.15.8_1/lib/cmake/Qt5Gui/Qt5Gui_QTgaPlugin.cmake">
			<Option virtualFolder="CMake Files\..\..\..\..\opt\homebrew\Cellar\qt@5\5.15.8_1\lib\cmake\Qt5Gui\"/>
		</Unit>
		<Unit filename="/Users/zwy/CppProject/VidManPlat/../../../../opt/homebrew/Cellar/qt@5/5.15.8_1/lib/cmake/Qt5Gui/Qt5Gui_QTiffPlugin.cmake">
			<Option virtualFolder="CMake Files\..\..\..\..\opt\homebrew\Cellar\qt@5\5.15.8_1\lib\cmake\Qt5Gui\"/>
		</Unit>
		<Unit filename="/Users/zwy/CppProject/VidManPlat/../../../../opt/homebrew/Cellar/qt@5/5.15.8_1/lib/cmake/Qt5Gui/Qt5Gui_QTuioTouchPlugin.cmake">
			<Option virtualFolder="CMake Files\..\..\..\..\opt\homebrew\Cellar\qt@5\5.15.8_1\lib\cmake\Qt5Gui\"/>
		</Unit>
		<Unit filename="/Users/zwy/CppProject/VidManPlat/../../../../opt/homebrew/Cellar/qt@5/5.15.8_1/lib/cmake/Qt5Gui/Qt5Gui_QVirtualKeyboardPlugin.cmake">
			<Option virtualFolder="CMake Files\..\..\..\..\opt\homebrew\Cellar\qt@5\5.15.8_1\lib\cmake\Qt5Gui\"/>
		</Unit>
		<Unit filename="/Users/zwy/CppProject/VidManPlat/../../../../opt/homebrew/Cellar/qt@5/5.15.8_1/lib/cmake/Qt5Gui/Qt5Gui_QWbmpPlugin.cmake">
			<Option virtualFolder="CMake Files\..\..\..\..\opt\homebrew\Cellar\qt@5\5.15.8_1\lib\cmake\Qt5Gui\"/>
		</Unit>
		<Unit filename="/Users/zwy/CppProject/VidManPlat/../../../../opt/homebrew/Cellar/qt@5/5.15.8_1/lib/cmake/Qt5Gui/Qt5Gui_QWebGLIntegrationPlugin.cmake">
			<Option virtualFolder="CMake Files\..\..\..\..\opt\homebrew\Cellar\qt@5\5.15.8_1\lib\cmake\Qt5Gui\"/>
		</Unit>
		<Unit filename="/Users/zwy/CppProject/VidManPlat/../../../../opt/homebrew/Cellar/qt@5/5.15.8_1/lib/cmake/Qt5Gui/Qt5Gui_QWebpPlugin.cmake">
			<Option virtualFolder="CMake Files\..\..\..\..\opt\homebrew\Cellar\qt@5\5.15.8_1\lib\cmake\Qt5Gui\"/>
		</Unit>
		<Unit filename="/Users/zwy/CppProject/VidManPlat/../../../../opt/homebrew/Cellar/qt@5/5.15.8_1/lib/cmake/Qt5Gui/Qt5Gui_QXdgDesktopPortalThemePlugin.cmake">
			<Option virtualFolder="CMake Files\..\..\..\..\opt\homebrew\Cellar\qt@5\5.15.8_1\lib\cmake\Qt5Gui\"/>
		</Unit>
		<Unit filename="/Users/zwy/CppProject/VidManPlat/../../../../opt/homebrew/Cellar/qt@5/5.15.8_1/lib/cmake/Qt5Widgets/Qt5WidgetsConfig.cmake">
			<Option virtualFolder="CMake Files\..\..\..\..\opt\homebrew\Cellar\qt@5\5.15.8_1\lib\cmake\Qt5Widgets\"/>
		</Unit>
		<Unit filename="/Users/zwy/CppProject/VidManPlat/../../../../opt/homebrew/Cellar/qt@5/5.15.8_1/lib/cmake/Qt5Widgets/Qt5WidgetsConfigExtras.cmake">
			<Option virtualFolder="CMake Files\..\..\..\..\opt\homebrew\Cellar\qt@5\5.15.8_1\lib\cmake\Qt5Widgets\"/>
		</Unit>
		<Unit filename="/Users/zwy/CppProject/VidManPlat/../../../../opt/homebrew/Cellar/qt@5/5.15.8_1/lib/cmake/Qt5Widgets/Qt5WidgetsConfigVersion.cmake">
			<Option virtualFolder="CMake Files\..\..\..\..\opt\homebrew\Cellar\qt@5\5.15.8_1\lib\cmake\Qt5Widgets\"/>
		</Unit>
		<Unit filename="/Users/zwy/CppProject/VidManPlat/../../../../opt/homebrew/Cellar/qt@5/5.15.8_1/lib/cmake/Qt5Widgets/Qt5WidgetsMacros.cmake">
			<Option virtualFolder="CMake Files\..\..\..\..\opt\homebrew\Cellar\qt@5\5.15.8_1\lib\cmake\Qt5Widgets\"/>
		</Unit>
		<Unit filename="/Users/zwy/CppProject/VidManPlat/../../../../opt/homebrew/Cellar/qt@5/5.15.8_1/lib/cmake/Qt5Widgets/Qt5Widgets_QMacStylePlugin.cmake">
			<Option virtualFolder="CMake Files\..\..\..\..\opt\homebrew\Cellar\qt@5\5.15.8_1\lib\cmake\Qt5Widgets\"/>
		</Unit>
		<Unit filename="/Users/zwy/CppProject/VidManPlat/test/CMakeLists.txt">
			<Option virtualFolder="CMake Files\test\"/>
		</Unit>
	</Project>
</CodeBlocks_project_file>
