<?xml version="1.0" encoding="UTF-8"?>
<CodeBlocks_project_file>
	<FileVersion major="1" minor="6"/>
	<Project>
		<Option title="vidManPlatUi"/>
		<Option makefile_is_custom="1"/>
		<Option compiler="gcc"/>
		<Option virtualFolders="CMake Files\;CMake Files\src\;CMake Files\src\cpumonitor\;CMake Files\src\iconhelper\;CMake Files\src\videopanel\;CMake Files\..\;CMake Files\..\..\;CMake Files\..\..\..\;CMake Files\..\..\..\..\;CMake Files\..\..\..\..\opt\;CMake Files\..\..\..\..\opt\homebrew\;CMake Files\..\..\..\..\opt\homebrew\Cellar\;CMake Files\..\..\..\..\opt\homebrew\Cellar\qt@5\;CMake Files\..\..\..\..\opt\homebrew\Cellar\qt@5\5.15.8_1\;CMake Files\..\..\..\..\opt\homebrew\Cellar\qt@5\5.15.8_1\lib\;CMake Files\..\..\..\..\opt\homebrew\Cellar\qt@5\5.15.8_1\lib\cmake\;CMake Files\..\..\..\..\opt\homebrew\Cellar\qt@5\5.15.8_1\lib\cmake\Qt5\;CMake Files\..\..\..\..\opt\homebrew\Cellar\qt@5\5.15.8_1\lib\cmake\Qt5Core\;CMake Files\..\..\..\..\opt\homebrew\Cellar\qt@5\5.15.8_1\lib\cmake\Qt5Gui\;CMake Files\..\..\..\..\opt\homebrew\Cellar\qt@5\5.15.8_1\lib\cmake\Qt5Widgets\;"/>
		<Build>
			<Target title="all">
				<Option working_dir="/Users/zwy/CppProject/VidManPlat/0build-debug/src"/>
				<Option type="4"/>
				<MakeCommands>
					<Build command="/usr/bin/make -j8 -f &quot;/Users/zwy/CppProject/VidManPlat/0build-debug/src/Makefile&quot;  VERBOSE=1 all"/>
					<CompileFile command="/usr/bin/make -j8 -f &quot;/Users/zwy/CppProject/VidManPlat/0build-debug/src/Makefile&quot;  VERBOSE=1 &quot;$file&quot;"/>
					<Clean command="/usr/bin/make -j8 -f &quot;/Users/zwy/CppProject/VidManPlat/0build-debug/src/Makefile&quot;  VERBOSE=1 clean"/>
					<DistClean command="/usr/bin/make -j8 -f &quot;/Users/zwy/CppProject/VidManPlat/0build-debug/src/Makefile&quot;  VERBOSE=1 clean"/>
				</MakeCommands>
			</Target>
			<Target title="vidManPlatUi">
				<Option output="/Users/zwy/CppProject/VidManPlat/lib/libvidManPlatUi.a" prefix_auto="0" extension_auto="0"/>
				<Option working_dir="/Users/zwy/CppProject/VidManPlat/0build-debug/src"/>
				<Option object_output="./"/>
				<Option type="2"/>
				<Option compiler="gcc"/>
				<Compiler>
					<Add option="-DQT_CORE_LIB"/>
					<Add option="-DQT_GUI_LIB"/>
					<Add option="-DQT_WIDGETS_LIB"/>
					<Add directory="/Users/zwy/CppProject/VidManPlat/0build-debug/src/vidManPlatUi_autogen/include"/>
					<Add directory="/opt/homebrew/Cellar/qt@5/5.15.8_1/lib/QtCore.framework"/>
					<Add directory="/opt/homebrew/Cellar/qt@5/5.15.8_1/lib/QtCore.framework/Headers"/>
					<Add directory="/opt/homebrew/Cellar/qt@5/5.15.8_1/./mkspecs/macx-clang"/>
					<Add directory="/opt/homebrew/Cellar/qt@5/5.15.8_1/lib/QtGui.framework"/>
					<Add directory="/opt/homebrew/Cellar/qt@5/5.15.8_1/lib/QtGui.framework/Headers"/>
					<Add directory="/Library/Developer/CommandLineTools/SDKs/MacOSX13.1.sdk/System/Library/Frameworks/OpenGL.framework/Headers"/>
					<Add directory="/opt/homebrew/Cellar/qt@5/5.15.8_1/lib/QtWidgets.framework"/>
					<Add directory="/opt/homebrew/Cellar/qt@5/5.15.8_1/lib/QtWidgets.framework/Headers"/>
					<Add directory="/usr/local/include"/>
					<Add directory="/Library/Developer/CommandLineTools/SDKs/MacOSX.sdk/usr/include/c++/v1"/>
					<Add directory="/Library/Developer/CommandLineTools/usr/lib/clang/14.0.0/include"/>
					<Add directory="/Library/Developer/CommandLineTools/SDKs/MacOSX.sdk/usr/include"/>
					<Add directory="/Library/Developer/CommandLineTools/usr/include"/>
					<Add directory="/Library/Developer/CommandLineTools/SDKs/MacOSX.sdk/System/Library/Frameworks"/>
				</Compiler>
				<MakeCommands>
					<Build command="/usr/bin/make -j8 -f &quot;/Users/zwy/CppProject/VidManPlat/0build-debug/src/Makefile&quot;  VERBOSE=1 vidManPlatUi"/>
					<CompileFile command="/usr/bin/make -j8 -f &quot;/Users/zwy/CppProject/VidManPlat/0build-debug/src/Makefile&quot;  VERBOSE=1 &quot;$file&quot;"/>
					<Clean command="/usr/bin/make -j8 -f &quot;/Users/zwy/CppProject/VidManPlat/0build-debug/src/Makefile&quot;  VERBOSE=1 clean"/>
					<DistClean command="/usr/bin/make -j8 -f &quot;/Users/zwy/CppProject/VidManPlat/0build-debug/src/Makefile&quot;  VERBOSE=1 clean"/>
				</MakeCommands>
			</Target>
			<Target title="vidManPlatUi/fast">
				<Option output="/Users/zwy/CppProject/VidManPlat/lib/libvidManPlatUi.a" prefix_auto="0" extension_auto="0"/>
				<Option working_dir="/Users/zwy/CppProject/VidManPlat/0build-debug/src"/>
				<Option object_output="./"/>
				<Option type="2"/>
				<Option compiler="gcc"/>
				<Compiler>
					<Add option="-DQT_CORE_LIB"/>
					<Add option="-DQT_GUI_LIB"/>
					<Add option="-DQT_WIDGETS_LIB"/>
					<Add directory="/Users/zwy/CppProject/VidManPlat/0build-debug/src/vidManPlatUi_autogen/include"/>
					<Add directory="/opt/homebrew/Cellar/qt@5/5.15.8_1/lib/QtCore.framework"/>
					<Add directory="/opt/homebrew/Cellar/qt@5/5.15.8_1/lib/QtCore.framework/Headers"/>
					<Add directory="/opt/homebrew/Cellar/qt@5/5.15.8_1/./mkspecs/macx-clang"/>
					<Add directory="/opt/homebrew/Cellar/qt@5/5.15.8_1/lib/QtGui.framework"/>
					<Add directory="/opt/homebrew/Cellar/qt@5/5.15.8_1/lib/QtGui.framework/Headers"/>
					<Add directory="/Library/Developer/CommandLineTools/SDKs/MacOSX13.1.sdk/System/Library/Frameworks/OpenGL.framework/Headers"/>
					<Add directory="/opt/homebrew/Cellar/qt@5/5.15.8_1/lib/QtWidgets.framework"/>
					<Add directory="/opt/homebrew/Cellar/qt@5/5.15.8_1/lib/QtWidgets.framework/Headers"/>
					<Add directory="/usr/local/include"/>
					<Add directory="/Library/Developer/CommandLineTools/SDKs/MacOSX.sdk/usr/include/c++/v1"/>
					<Add directory="/Library/Developer/CommandLineTools/usr/lib/clang/14.0.0/include"/>
					<Add directory="/Library/Developer/CommandLineTools/SDKs/MacOSX.sdk/usr/include"/>
					<Add directory="/Library/Developer/CommandLineTools/usr/include"/>
					<Add directory="/Library/Developer/CommandLineTools/SDKs/MacOSX.sdk/System/Library/Frameworks"/>
				</Compiler>
				<MakeCommands>
					<Build command="/usr/bin/make -j8 -f &quot;/Users/zwy/CppProject/VidManPlat/0build-debug/src/Makefile&quot;  VERBOSE=1 vidManPlatUi/fast"/>
					<CompileFile command="/usr/bin/make -j8 -f &quot;/Users/zwy/CppProject/VidManPlat/0build-debug/src/Makefile&quot;  VERBOSE=1 &quot;$file&quot;"/>
					<Clean command="/usr/bin/make -j8 -f &quot;/Users/zwy/CppProject/VidManPlat/0build-debug/src/Makefile&quot;  VERBOSE=1 clean"/>
					<DistClean command="/usr/bin/make -j8 -f &quot;/Users/zwy/CppProject/VidManPlat/0build-debug/src/Makefile&quot;  VERBOSE=1 clean"/>
				</MakeCommands>
			</Target>
			<Target title="vidManPlatUi_autogen">
				<Option working_dir="/Users/zwy/CppProject/VidManPlat/0build-debug/src"/>
				<Option type="4"/>
				<MakeCommands>
					<Build command="/usr/bin/make -j8 -f &quot;/Users/zwy/CppProject/VidManPlat/0build-debug/src/Makefile&quot;  VERBOSE=1 vidManPlatUi_autogen"/>
					<CompileFile command="/usr/bin/make -j8 -f &quot;/Users/zwy/CppProject/VidManPlat/0build-debug/src/Makefile&quot;  VERBOSE=1 &quot;$file&quot;"/>
					<Clean command="/usr/bin/make -j8 -f &quot;/Users/zwy/CppProject/VidManPlat/0build-debug/src/Makefile&quot;  VERBOSE=1 clean"/>
					<DistClean command="/usr/bin/make -j8 -f &quot;/Users/zwy/CppProject/VidManPlat/0build-debug/src/Makefile&quot;  VERBOSE=1 clean"/>
				</MakeCommands>
			</Target>
			<Target title="CpuMonitor">
				<Option output="/Users/zwy/CppProject/VidManPlat/lib/libCpuMonitor.a" prefix_auto="0" extension_auto="0"/>
				<Option working_dir="/Users/zwy/CppProject/VidManPlat/0build-debug/src/cpumonitor"/>
				<Option object_output="./"/>
				<Option type="2"/>
				<Option compiler="gcc"/>
				<Compiler>
					<Add option="-DQT_CORE_LIB"/>
					<Add option="-DQT_GUI_LIB"/>
					<Add option="-DQT_WIDGETS_LIB"/>
					<Add directory="/Users/zwy/CppProject/VidManPlat/0build-debug/src/cpumonitor/CpuMonitor_autogen/include"/>
					<Add directory="/opt/homebrew/Cellar/qt@5/5.15.8_1/lib/QtCore.framework"/>
					<Add directory="/opt/homebrew/Cellar/qt@5/5.15.8_1/lib/QtCore.framework/Headers"/>
					<Add directory="/opt/homebrew/Cellar/qt@5/5.15.8_1/./mkspecs/macx-clang"/>
					<Add directory="/opt/homebrew/Cellar/qt@5/5.15.8_1/lib/QtGui.framework"/>
					<Add directory="/opt/homebrew/Cellar/qt@5/5.15.8_1/lib/QtGui.framework/Headers"/>
					<Add directory="/Library/Developer/CommandLineTools/SDKs/MacOSX13.1.sdk/System/Library/Frameworks/OpenGL.framework/Headers"/>
					<Add directory="/opt/homebrew/Cellar/qt@5/5.15.8_1/lib/QtWidgets.framework"/>
					<Add directory="/opt/homebrew/Cellar/qt@5/5.15.8_1/lib/QtWidgets.framework/Headers"/>
					<Add directory="/usr/local/include"/>
					<Add directory="/Library/Developer/CommandLineTools/SDKs/MacOSX.sdk/usr/include/c++/v1"/>
					<Add directory="/Library/Developer/CommandLineTools/usr/lib/clang/14.0.0/include"/>
					<Add directory="/Library/Developer/CommandLineTools/SDKs/MacOSX.sdk/usr/include"/>
					<Add directory="/Library/Developer/CommandLineTools/usr/include"/>
					<Add directory="/Library/Developer/CommandLineTools/SDKs/MacOSX.sdk/System/Library/Frameworks"/>
				</Compiler>
				<MakeCommands>
					<Build command="/usr/bin/make -j8 -f &quot;/Users/zwy/CppProject/VidManPlat/0build-debug/src/cpumonitor/Makefile&quot;  VERBOSE=1 CpuMonitor"/>
					<CompileFile command="/usr/bin/make -j8 -f &quot;/Users/zwy/CppProject/VidManPlat/0build-debug/src/cpumonitor/Makefile&quot;  VERBOSE=1 &quot;$file&quot;"/>
					<Clean command="/usr/bin/make -j8 -f &quot;/Users/zwy/CppProject/VidManPlat/0build-debug/src/cpumonitor/Makefile&quot;  VERBOSE=1 clean"/>
					<DistClean command="/usr/bin/make -j8 -f &quot;/Users/zwy/CppProject/VidManPlat/0build-debug/src/cpumonitor/Makefile&quot;  VERBOSE=1 clean"/>
				</MakeCommands>
			</Target>
			<Target title="CpuMonitor/fast">
				<Option output="/Users/zwy/CppProject/VidManPlat/lib/libCpuMonitor.a" prefix_auto="0" extension_auto="0"/>
				<Option working_dir="/Users/zwy/CppProject/VidManPlat/0build-debug/src/cpumonitor"/>
				<Option object_output="./"/>
				<Option type="2"/>
				<Option compiler="gcc"/>
				<Compiler>
					<Add option="-DQT_CORE_LIB"/>
					<Add option="-DQT_GUI_LIB"/>
					<Add option="-DQT_WIDGETS_LIB"/>
					<Add directory="/Users/zwy/CppProject/VidManPlat/0build-debug/src/cpumonitor/CpuMonitor_autogen/include"/>
					<Add directory="/opt/homebrew/Cellar/qt@5/5.15.8_1/lib/QtCore.framework"/>
					<Add directory="/opt/homebrew/Cellar/qt@5/5.15.8_1/lib/QtCore.framework/Headers"/>
					<Add directory="/opt/homebrew/Cellar/qt@5/5.15.8_1/./mkspecs/macx-clang"/>
					<Add directory="/opt/homebrew/Cellar/qt@5/5.15.8_1/lib/QtGui.framework"/>
					<Add directory="/opt/homebrew/Cellar/qt@5/5.15.8_1/lib/QtGui.framework/Headers"/>
					<Add directory="/Library/Developer/CommandLineTools/SDKs/MacOSX13.1.sdk/System/Library/Frameworks/OpenGL.framework/Headers"/>
					<Add directory="/opt/homebrew/Cellar/qt@5/5.15.8_1/lib/QtWidgets.framework"/>
					<Add directory="/opt/homebrew/Cellar/qt@5/5.15.8_1/lib/QtWidgets.framework/Headers"/>
					<Add directory="/usr/local/include"/>
					<Add directory="/Library/Developer/CommandLineTools/SDKs/MacOSX.sdk/usr/include/c++/v1"/>
					<Add directory="/Library/Developer/CommandLineTools/usr/lib/clang/14.0.0/include"/>
					<Add directory="/Library/Developer/CommandLineTools/SDKs/MacOSX.sdk/usr/include"/>
					<Add directory="/Library/Developer/CommandLineTools/usr/include"/>
					<Add directory="/Library/Developer/CommandLineTools/SDKs/MacOSX.sdk/System/Library/Frameworks"/>
				</Compiler>
				<MakeCommands>
					<Build command="/usr/bin/make -j8 -f &quot;/Users/zwy/CppProject/VidManPlat/0build-debug/src/cpumonitor/Makefile&quot;  VERBOSE=1 CpuMonitor/fast"/>
					<CompileFile command="/usr/bin/make -j8 -f &quot;/Users/zwy/CppProject/VidManPlat/0build-debug/src/cpumonitor/Makefile&quot;  VERBOSE=1 &quot;$file&quot;"/>
					<Clean command="/usr/bin/make -j8 -f &quot;/Users/zwy/CppProject/VidManPlat/0build-debug/src/cpumonitor/Makefile&quot;  VERBOSE=1 clean"/>
					<DistClean command="/usr/bin/make -j8 -f &quot;/Users/zwy/CppProject/VidManPlat/0build-debug/src/cpumonitor/Makefile&quot;  VERBOSE=1 clean"/>
				</MakeCommands>
			</Target>
			<Target title="CpuMonitor_autogen">
				<Option working_dir="/Users/zwy/CppProject/VidManPlat/0build-debug/src/cpumonitor"/>
				<Option type="4"/>
				<MakeCommands>
					<Build command="/usr/bin/make -j8 -f &quot;/Users/zwy/CppProject/VidManPlat/0build-debug/src/cpumonitor/Makefile&quot;  VERBOSE=1 CpuMonitor_autogen"/>
					<CompileFile command="/usr/bin/make -j8 -f &quot;/Users/zwy/CppProject/VidManPlat/0build-debug/src/cpumonitor/Makefile&quot;  VERBOSE=1 &quot;$file&quot;"/>
					<Clean command="/usr/bin/make -j8 -f &quot;/Users/zwy/CppProject/VidManPlat/0build-debug/src/cpumonitor/Makefile&quot;  VERBOSE=1 clean"/>
					<DistClean command="/usr/bin/make -j8 -f &quot;/Users/zwy/CppProject/VidManPlat/0build-debug/src/cpumonitor/Makefile&quot;  VERBOSE=1 clean"/>
				</MakeCommands>
			</Target>
			<Target title="IconHelper">
				<Option output="/Users/zwy/CppProject/VidManPlat/lib/libIconHelper.a" prefix_auto="0" extension_auto="0"/>
				<Option working_dir="/Users/zwy/CppProject/VidManPlat/0build-debug/src/iconhelper"/>
				<Option object_output="./"/>
				<Option type="2"/>
				<Option compiler="gcc"/>
				<Compiler>
					<Add option="-DQT_CORE_LIB"/>
					<Add option="-DQT_GUI_LIB"/>
					<Add option="-DQT_WIDGETS_LIB"/>
					<Add directory="/Users/zwy/CppProject/VidManPlat/0build-debug/src/iconhelper/IconHelper_autogen/include"/>
					<Add directory="/opt/homebrew/Cellar/qt@5/5.15.8_1/lib/QtCore.framework"/>
					<Add directory="/opt/homebrew/Cellar/qt@5/5.15.8_1/lib/QtCore.framework/Headers"/>
					<Add directory="/opt/homebrew/Cellar/qt@5/5.15.8_1/./mkspecs/macx-clang"/>
					<Add directory="/opt/homebrew/Cellar/qt@5/5.15.8_1/lib/QtGui.framework"/>
					<Add directory="/opt/homebrew/Cellar/qt@5/5.15.8_1/lib/QtGui.framework/Headers"/>
					<Add directory="/Library/Developer/CommandLineTools/SDKs/MacOSX13.1.sdk/System/Library/Frameworks/OpenGL.framework/Headers"/>
					<Add directory="/opt/homebrew/Cellar/qt@5/5.15.8_1/lib/QtWidgets.framework"/>
					<Add directory="/opt/homebrew/Cellar/qt@5/5.15.8_1/lib/QtWidgets.framework/Headers"/>
					<Add directory="/usr/local/include"/>
					<Add directory="/Library/Developer/CommandLineTools/SDKs/MacOSX.sdk/usr/include/c++/v1"/>
					<Add directory="/Library/Developer/CommandLineTools/usr/lib/clang/14.0.0/include"/>
					<Add directory="/Library/Developer/CommandLineTools/SDKs/MacOSX.sdk/usr/include"/>
					<Add directory="/Library/Developer/CommandLineTools/usr/include"/>
					<Add directory="/Library/Developer/CommandLineTools/SDKs/MacOSX.sdk/System/Library/Frameworks"/>
				</Compiler>
				<MakeCommands>
					<Build command="/usr/bin/make -j8 -f &quot;/Users/zwy/CppProject/VidManPlat/0build-debug/src/iconhelper/Makefile&quot;  VERBOSE=1 IconHelper"/>
					<CompileFile command="/usr/bin/make -j8 -f &quot;/Users/zwy/CppProject/VidManPlat/0build-debug/src/iconhelper/Makefile&quot;  VERBOSE=1 &quot;$file&quot;"/>
					<Clean command="/usr/bin/make -j8 -f &quot;/Users/zwy/CppProject/VidManPlat/0build-debug/src/iconhelper/Makefile&quot;  VERBOSE=1 clean"/>
					<DistClean command="/usr/bin/make -j8 -f &quot;/Users/zwy/CppProject/VidManPlat/0build-debug/src/iconhelper/Makefile&quot;  VERBOSE=1 clean"/>
				</MakeCommands>
			</Target>
			<Target title="IconHelper/fast">
				<Option output="/Users/zwy/CppProject/VidManPlat/lib/libIconHelper.a" prefix_auto="0" extension_auto="0"/>
				<Option working_dir="/Users/zwy/CppProject/VidManPlat/0build-debug/src/iconhelper"/>
				<Option object_output="./"/>
				<Option type="2"/>
				<Option compiler="gcc"/>
				<Compiler>
					<Add option="-DQT_CORE_LIB"/>
					<Add option="-DQT_GUI_LIB"/>
					<Add option="-DQT_WIDGETS_LIB"/>
					<Add directory="/Users/zwy/CppProject/VidManPlat/0build-debug/src/iconhelper/IconHelper_autogen/include"/>
					<Add directory="/opt/homebrew/Cellar/qt@5/5.15.8_1/lib/QtCore.framework"/>
					<Add directory="/opt/homebrew/Cellar/qt@5/5.15.8_1/lib/QtCore.framework/Headers"/>
					<Add directory="/opt/homebrew/Cellar/qt@5/5.15.8_1/./mkspecs/macx-clang"/>
					<Add directory="/opt/homebrew/Cellar/qt@5/5.15.8_1/lib/QtGui.framework"/>
					<Add directory="/opt/homebrew/Cellar/qt@5/5.15.8_1/lib/QtGui.framework/Headers"/>
					<Add directory="/Library/Developer/CommandLineTools/SDKs/MacOSX13.1.sdk/System/Library/Frameworks/OpenGL.framework/Headers"/>
					<Add directory="/opt/homebrew/Cellar/qt@5/5.15.8_1/lib/QtWidgets.framework"/>
					<Add directory="/opt/homebrew/Cellar/qt@5/5.15.8_1/lib/QtWidgets.framework/Headers"/>
					<Add directory="/usr/local/include"/>
					<Add directory="/Library/Developer/CommandLineTools/SDKs/MacOSX.sdk/usr/include/c++/v1"/>
					<Add directory="/Library/Developer/CommandLineTools/usr/lib/clang/14.0.0/include"/>
					<Add directory="/Library/Developer/CommandLineTools/SDKs/MacOSX.sdk/usr/include"/>
					<Add directory="/Library/Developer/CommandLineTools/usr/include"/>
					<Add directory="/Library/Developer/CommandLineTools/SDKs/MacOSX.sdk/System/Library/Frameworks"/>
				</Compiler>
				<MakeCommands>
					<Build command="/usr/bin/make -j8 -f &quot;/Users/zwy/CppProject/VidManPlat/0build-debug/src/iconhelper/Makefile&quot;  VERBOSE=1 IconHelper/fast"/>
					<CompileFile command="/usr/bin/make -j8 -f &quot;/Users/zwy/CppProject/VidManPlat/0build-debug/src/iconhelper/Makefile&quot;  VERBOSE=1 &quot;$file&quot;"/>
					<Clean command="/usr/bin/make -j8 -f &quot;/Users/zwy/CppProject/VidManPlat/0build-debug/src/iconhelper/Makefile&quot;  VERBOSE=1 clean"/>
					<DistClean command="/usr/bin/make -j8 -f &quot;/Users/zwy/CppProject/VidManPlat/0build-debug/src/iconhelper/Makefile&quot;  VERBOSE=1 clean"/>
				</MakeCommands>
			</Target>
			<Target title="IconHelper_autogen">
				<Option working_dir="/Users/zwy/CppProject/VidManPlat/0build-debug/src/iconhelper"/>
				<Option type="4"/>
				<MakeCommands>
					<Build command="/usr/bin/make -j8 -f &quot;/Users/zwy/CppProject/VidManPlat/0build-debug/src/iconhelper/Makefile&quot;  VERBOSE=1 IconHelper_autogen"/>
					<CompileFile command="/usr/bin/make -j8 -f &quot;/Users/zwy/CppProject/VidManPlat/0build-debug/src/iconhelper/Makefile&quot;  VERBOSE=1 &quot;$file&quot;"/>
					<Clean command="/usr/bin/make -j8 -f &quot;/Users/zwy/CppProject/VidManPlat/0build-debug/src/iconhelper/Makefile&quot;  VERBOSE=1 clean"/>
					<DistClean command="/usr/bin/make -j8 -f &quot;/Users/zwy/CppProject/VidManPlat/0build-debug/src/iconhelper/Makefile&quot;  VERBOSE=1 clean"/>
				</MakeCommands>
			</Target>
			<Target title="VideoPanel">
				<Option output="/Users/zwy/CppProject/VidManPlat/lib/libVideoPanel.a" prefix_auto="0" extension_auto="0"/>
				<Option working_dir="/Users/zwy/CppProject/VidManPlat/0build-debug/src/videopanel"/>
				<Option object_output="./"/>
				<Option type="2"/>
				<Option compiler="gcc"/>
				<Compiler>
					<Add option="-DQT_CORE_LIB"/>
					<Add option="-DQT_GUI_LIB"/>
					<Add option="-DQT_WIDGETS_LIB"/>
					<Add directory="/Users/zwy/CppProject/VidManPlat/0build-debug/src/videopanel/VideoPanel_autogen/include"/>
					<Add directory="/opt/homebrew/Cellar/qt@5/5.15.8_1/lib/QtCore.framework"/>
					<Add directory="/opt/homebrew/Cellar/qt@5/5.15.8_1/lib/QtCore.framework/Headers"/>
					<Add directory="/opt/homebrew/Cellar/qt@5/5.15.8_1/./mkspecs/macx-clang"/>
					<Add directory="/opt/homebrew/Cellar/qt@5/5.15.8_1/lib/QtGui.framework"/>
					<Add directory="/opt/homebrew/Cellar/qt@5/5.15.8_1/lib/QtGui.framework/Headers"/>
					<Add directory="/Library/Developer/CommandLineTools/SDKs/MacOSX13.1.sdk/System/Library/Frameworks/OpenGL.framework/Headers"/>
					<Add directory="/opt/homebrew/Cellar/qt@5/5.15.8_1/lib/QtWidgets.framework"/>
					<Add directory="/opt/homebrew/Cellar/qt@5/5.15.8_1/lib/QtWidgets.framework/Headers"/>
					<Add directory="/usr/local/include"/>
					<Add directory="/Library/Developer/CommandLineTools/SDKs/MacOSX.sdk/usr/include/c++/v1"/>
					<Add directory="/Library/Developer/CommandLineTools/usr/lib/clang/14.0.0/include"/>
					<Add directory="/Library/Developer/CommandLineTools/SDKs/MacOSX.sdk/usr/include"/>
					<Add directory="/Library/Developer/CommandLineTools/usr/include"/>
					<Add directory="/Library/Developer/CommandLineTools/SDKs/MacOSX.sdk/System/Library/Frameworks"/>
				</Compiler>
				<MakeCommands>
					<Build command="/usr/bin/make -j8 -f &quot;/Users/zwy/CppProject/VidManPlat/0build-debug/src/videopanel/Makefile&quot;  VERBOSE=1 VideoPanel"/>
					<CompileFile command="/usr/bin/make -j8 -f &quot;/Users/zwy/CppProject/VidManPlat/0build-debug/src/videopanel/Makefile&quot;  VERBOSE=1 &quot;$file&quot;"/>
					<Clean command="/usr/bin/make -j8 -f &quot;/Users/zwy/CppProject/VidManPlat/0build-debug/src/videopanel/Makefile&quot;  VERBOSE=1 clean"/>
					<DistClean command="/usr/bin/make -j8 -f &quot;/Users/zwy/CppProject/VidManPlat/0build-debug/src/videopanel/Makefile&quot;  VERBOSE=1 clean"/>
				</MakeCommands>
			</Target>
			<Target title="VideoPanel/fast">
				<Option output="/Users/zwy/CppProject/VidManPlat/lib/libVideoPanel.a" prefix_auto="0" extension_auto="0"/>
				<Option working_dir="/Users/zwy/CppProject/VidManPlat/0build-debug/src/videopanel"/>
				<Option object_output="./"/>
				<Option type="2"/>
				<Option compiler="gcc"/>
				<Compiler>
					<Add option="-DQT_CORE_LIB"/>
					<Add option="-DQT_GUI_LIB"/>
					<Add option="-DQT_WIDGETS_LIB"/>
					<Add directory="/Users/zwy/CppProject/VidManPlat/0build-debug/src/videopanel/VideoPanel_autogen/include"/>
					<Add directory="/opt/homebrew/Cellar/qt@5/5.15.8_1/lib/QtCore.framework"/>
					<Add directory="/opt/homebrew/Cellar/qt@5/5.15.8_1/lib/QtCore.framework/Headers"/>
					<Add directory="/opt/homebrew/Cellar/qt@5/5.15.8_1/./mkspecs/macx-clang"/>
					<Add directory="/opt/homebrew/Cellar/qt@5/5.15.8_1/lib/QtGui.framework"/>
					<Add directory="/opt/homebrew/Cellar/qt@5/5.15.8_1/lib/QtGui.framework/Headers"/>
					<Add directory="/Library/Developer/CommandLineTools/SDKs/MacOSX13.1.sdk/System/Library/Frameworks/OpenGL.framework/Headers"/>
					<Add directory="/opt/homebrew/Cellar/qt@5/5.15.8_1/lib/QtWidgets.framework"/>
					<Add directory="/opt/homebrew/Cellar/qt@5/5.15.8_1/lib/QtWidgets.framework/Headers"/>
					<Add directory="/usr/local/include"/>
					<Add directory="/Library/Developer/CommandLineTools/SDKs/MacOSX.sdk/usr/include/c++/v1"/>
					<Add directory="/Library/Developer/CommandLineTools/usr/lib/clang/14.0.0/include"/>
					<Add directory="/Library/Developer/CommandLineTools/SDKs/MacOSX.sdk/usr/include"/>
					<Add directory="/Library/Developer/CommandLineTools/usr/include"/>
					<Add directory="/Library/Developer/CommandLineTools/SDKs/MacOSX.sdk/System/Library/Frameworks"/>
				</Compiler>
				<MakeCommands>
					<Build command="/usr/bin/make -j8 -f &quot;/Users/zwy/CppProject/VidManPlat/0build-debug/src/videopanel/Makefile&quot;  VERBOSE=1 VideoPanel/fast"/>
					<CompileFile command="/usr/bin/make -j8 -f &quot;/Users/zwy/CppProject/VidManPlat/0build-debug/src/videopanel/Makefile&quot;  VERBOSE=1 &quot;$file&quot;"/>
					<Clean command="/usr/bin/make -j8 -f &quot;/Users/zwy/CppProject/VidManPlat/0build-debug/src/videopanel/Makefile&quot;  VERBOSE=1 clean"/>
					<DistClean command="/usr/bin/make -j8 -f &quot;/Users/zwy/CppProject/VidManPlat/0build-debug/src/videopanel/Makefile&quot;  VERBOSE=1 clean"/>
				</MakeCommands>
			</Target>
			<Target title="VideoPanel_autogen">
				<Option working_dir="/Users/zwy/CppProject/VidManPlat/0build-debug/src/videopanel"/>
				<Option type="4"/>
				<MakeCommands>
					<Build command="/usr/bin/make -j8 -f &quot;/Users/zwy/CppProject/VidManPlat/0build-debug/src/videopanel/Makefile&quot;  VERBOSE=1 VideoPanel_autogen"/>
					<CompileFile command="/usr/bin/make -j8 -f &quot;/Users/zwy/CppProject/VidManPlat/0build-debug/src/videopanel/Makefile&quot;  VERBOSE=1 &quot;$file&quot;"/>
					<Clean command="/usr/bin/make -j8 -f &quot;/Users/zwy/CppProject/VidManPlat/0build-debug/src/videopanel/Makefile&quot;  VERBOSE=1 clean"/>
					<DistClean command="/usr/bin/make -j8 -f &quot;/Users/zwy/CppProject/VidManPlat/0build-debug/src/videopanel/Makefile&quot;  VERBOSE=1 clean"/>
				</MakeCommands>
			</Target>
		</Build>
		<Unit filename="/Users/zwy/CppProject/VidManPlat/0build-debug/src/cpumonitor/CpuMonitor_autogen/mocs_compilation.cpp">
			<Option target="CpuMonitor"/>
		</Unit>
		<Unit filename="/Users/zwy/CppProject/VidManPlat/0build-debug/src/iconhelper/IconHelper_autogen/mocs_compilation.cpp">
			<Option target="IconHelper"/>
		</Unit>
		<Unit filename="/Users/zwy/CppProject/VidManPlat/0build-debug/src/vidManPlatUi_autogen/include/ui_sevimanplat.h">
			<Option target="vidManPlatUi"/>
		</Unit>
		<Unit filename="/Users/zwy/CppProject/VidManPlat/0build-debug/src/vidManPlatUi_autogen/mocs_compilation.cpp">
			<Option target="vidManPlatUi"/>
		</Unit>
		<Unit filename="/Users/zwy/CppProject/VidManPlat/0build-debug/src/videopanel/VideoPanel_autogen/mocs_compilation.cpp">
			<Option target="VideoPanel"/>
		</Unit>
		<Unit filename="/Users/zwy/CppProject/VidManPlat/src/cpumonitor/cpumonitor.h">
			<Option target="CpuMonitor"/>
		</Unit>
		<Unit filename="/Users/zwy/CppProject/VidManPlat/src/cpumonitor/jqcpumonitor.cpp">
			<Option target="CpuMonitor"/>
		</Unit>
		<Unit filename="/Users/zwy/CppProject/VidManPlat/src/iconhelper/iconhelper.cpp">
			<Option target="IconHelper"/>
		</Unit>
		<Unit filename="/Users/zwy/CppProject/VidManPlat/src/iconhelper/iconhelper.h">
			<Option target="IconHelper"/>
		</Unit>
		<Unit filename="/Users/zwy/CppProject/VidManPlat/src/sevimanplat.cpp">
			<Option target="vidManPlatUi"/>
		</Unit>
		<Unit filename="/Users/zwy/CppProject/VidManPlat/src/sevimanplat.h">
			<Option target="vidManPlatUi"/>
		</Unit>
		<Unit filename="/Users/zwy/CppProject/VidManPlat/src/sevimanplat.ui">
			<Option target="vidManPlatUi"/>
		</Unit>
		<Unit filename="/Users/zwy/CppProject/VidManPlat/src/videopanel/videobox.cpp">
			<Option target="VideoPanel"/>
		</Unit>
		<Unit filename="/Users/zwy/CppProject/VidManPlat/src/videopanel/videobox.h">
			<Option target="VideoPanel"/>
		</Unit>
		<Unit filename="/Users/zwy/CppProject/VidManPlat/src/videopanel/videopanel.cpp">
			<Option target="VideoPanel"/>
		</Unit>
		<Unit filename="/Users/zwy/CppProject/VidManPlat/src/videopanel/videopanel.h">
			<Option target="VideoPanel"/>
		</Unit>
		<Unit filename="/Users/zwy/CppProject/VidManPlat/CMakeLists.txt">
			<Option virtualFolder="CMake Files\"/>
		</Unit>
		<Unit filename="/Users/zwy/CppProject/VidManPlat/src/CMakeLists.txt">
			<Option virtualFolder="CMake Files\src\"/>
		</Unit>
		<Unit filename="/Users/zwy/CppProject/VidManPlat/src/qss.qrc">
			<Option virtualFolder="CMake Files\src\"/>
		</Unit>
		<Unit filename="/Users/zwy/CppProject/VidManPlat/src/resource.qrc">
			<Option virtualFolder="CMake Files\src\"/>
		</Unit>
		<Unit filename="/Users/zwy/CppProject/VidManPlat/src/cpumonitor/CMakeLists.txt">
			<Option virtualFolder="CMake Files\src\cpumonitor\"/>
		</Unit>
		<Unit filename="/Users/zwy/CppProject/VidManPlat/src/iconhelper/CMakeLists.txt">
			<Option virtualFolder="CMake Files\src\iconhelper\"/>
		</Unit>
		<Unit filename="/Users/zwy/CppProject/VidManPlat/src/videopanel/CMakeLists.txt">
			<Option virtualFolder="CMake Files\src\videopanel\"/>
		</Unit>
		<Unit filename="/Users/zwy/CppProject/VidManPlat/../../../../opt/homebrew/Cellar/qt@5/5.15.8_1/lib/cmake/Qt5/Qt5Config.cmake">
			<Option virtualFolder="CMake Files\..\..\..\..\opt\homebrew\Cellar\qt@5\5.15.8_1\lib\cmake\Qt5\"/>
		</Unit>
		<Unit filename="/Users/zwy/CppProject/VidManPlat/../../../../opt/homebrew/Cellar/qt@5/5.15.8_1/lib/cmake/Qt5/Qt5ConfigVersion.cmake">
			<Option virtualFolder="CMake Files\..\..\..\..\opt\homebrew\Cellar\qt@5\5.15.8_1\lib\cmake\Qt5\"/>
		</Unit>
		<Unit filename="/Users/zwy/CppProject/VidManPlat/../../../../opt/homebrew/Cellar/qt@5/5.15.8_1/lib/cmake/Qt5/Qt5ModuleLocation.cmake">
			<Option virtualFolder="CMake Files\..\..\..\..\opt\homebrew\Cellar\qt@5\5.15.8_1\lib\cmake\Qt5\"/>
		</Unit>
		<Unit filename="/Users/zwy/CppProject/VidManPlat/../../../../opt/homebrew/Cellar/qt@5/5.15.8_1/lib/cmake/Qt5Core/Qt5CoreConfig.cmake">
			<Option virtualFolder="CMake Files\..\..\..\..\opt\homebrew\Cellar\qt@5\5.15.8_1\lib\cmake\Qt5Core\"/>
		</Unit>
		<Unit filename="/Users/zwy/CppProject/VidManPlat/../../../../opt/homebrew/Cellar/qt@5/5.15.8_1/lib/cmake/Qt5Core/Qt5CoreConfigExtras.cmake">
			<Option virtualFolder="CMake Files\..\..\..\..\opt\homebrew\Cellar\qt@5\5.15.8_1\lib\cmake\Qt5Core\"/>
		</Unit>
		<Unit filename="/Users/zwy/CppProject/VidManPlat/../../../../opt/homebrew/Cellar/qt@5/5.15.8_1/lib/cmake/Qt5Core/Qt5CoreConfigExtrasMkspecDir.cmake">
			<Option virtualFolder="CMake Files\..\..\..\..\opt\homebrew\Cellar\qt@5\5.15.8_1\lib\cmake\Qt5Core\"/>
		</Unit>
		<Unit filename="/Users/zwy/CppProject/VidManPlat/../../../../opt/homebrew/Cellar/qt@5/5.15.8_1/lib/cmake/Qt5Core/Qt5CoreConfigVersion.cmake">
			<Option virtualFolder="CMake Files\..\..\..\..\opt\homebrew\Cellar\qt@5\5.15.8_1\lib\cmake\Qt5Core\"/>
		</Unit>
		<Unit filename="/Users/zwy/CppProject/VidManPlat/../../../../opt/homebrew/Cellar/qt@5/5.15.8_1/lib/cmake/Qt5Core/Qt5CoreMacros.cmake">
			<Option virtualFolder="CMake Files\..\..\..\..\opt\homebrew\Cellar\qt@5\5.15.8_1\lib\cmake\Qt5Core\"/>
		</Unit>
		<Unit filename="/Users/zwy/CppProject/VidManPlat/../../../../opt/homebrew/Cellar/qt@5/5.15.8_1/lib/cmake/Qt5Gui/Qt5GuiConfig.cmake">
			<Option virtualFolder="CMake Files\..\..\..\..\opt\homebrew\Cellar\qt@5\5.15.8_1\lib\cmake\Qt5Gui\"/>
		</Unit>
		<Unit filename="/Users/zwy/CppProject/VidManPlat/../../../../opt/homebrew/Cellar/qt@5/5.15.8_1/lib/cmake/Qt5Gui/Qt5GuiConfigExtras.cmake">
			<Option virtualFolder="CMake Files\..\..\..\..\opt\homebrew\Cellar\qt@5\5.15.8_1\lib\cmake\Qt5Gui\"/>
		</Unit>
		<Unit filename="/Users/zwy/CppProject/VidManPlat/../../../../opt/homebrew/Cellar/qt@5/5.15.8_1/lib/cmake/Qt5Gui/Qt5GuiConfigVersion.cmake">
			<Option virtualFolder="CMake Files\..\..\..\..\opt\homebrew\Cellar\qt@5\5.15.8_1\lib\cmake\Qt5Gui\"/>
		</Unit>
		<Unit filename="/Users/zwy/CppProject/VidManPlat/../../../../opt/homebrew/Cellar/qt@5/5.15.8_1/lib/cmake/Qt5Gui/Qt5Gui_QCocoaIntegrationPlugin.cmake">
			<Option virtualFolder="CMake Files\..\..\..\..\opt\homebrew\Cellar\qt@5\5.15.8_1\lib\cmake\Qt5Gui\"/>
		</Unit>
		<Unit filename="/Users/zwy/CppProject/VidManPlat/../../../../opt/homebrew/Cellar/qt@5/5.15.8_1/lib/cmake/Qt5Gui/Qt5Gui_QGifPlugin.cmake">
			<Option virtualFolder="CMake Files\..\..\..\..\opt\homebrew\Cellar\qt@5\5.15.8_1\lib\cmake\Qt5Gui\"/>
		</Unit>
		<Unit filename="/Users/zwy/CppProject/VidManPlat/../../../../opt/homebrew/Cellar/qt@5/5.15.8_1/lib/cmake/Qt5Gui/Qt5Gui_QICNSPlugin.cmake">
			<Option virtualFolder="CMake Files\..\..\..\..\opt\homebrew\Cellar\qt@5\5.15.8_1\lib\cmake\Qt5Gui\"/>
		</Unit>
		<Unit filename="/Users/zwy/CppProject/VidManPlat/../../../../opt/homebrew/Cellar/qt@5/5.15.8_1/lib/cmake/Qt5Gui/Qt5Gui_QICOPlugin.cmake">
			<Option virtualFolder="CMake Files\..\..\..\..\opt\homebrew\Cellar\qt@5\5.15.8_1\lib\cmake\Qt5Gui\"/>
		</Unit>
		<Unit filename="/Users/zwy/CppProject/VidManPlat/../../../../opt/homebrew/Cellar/qt@5/5.15.8_1/lib/cmake/Qt5Gui/Qt5Gui_QJpegPlugin.cmake">
			<Option virtualFolder="CMake Files\..\..\..\..\opt\homebrew\Cellar\qt@5\5.15.8_1\lib\cmake\Qt5Gui\"/>
		</Unit>
		<Unit filename="/Users/zwy/CppProject/VidManPlat/../../../../opt/homebrew/Cellar/qt@5/5.15.8_1/lib/cmake/Qt5Gui/Qt5Gui_QMacHeifPlugin.cmake">
			<Option virtualFolder="CMake Files\..\..\..\..\opt\homebrew\Cellar\qt@5\5.15.8_1\lib\cmake\Qt5Gui\"/>
		</Unit>
		<Unit filename="/Users/zwy/CppProject/VidManPlat/../../../../opt/homebrew/Cellar/qt@5/5.15.8_1/lib/cmake/Qt5Gui/Qt5Gui_QMacJp2Plugin.cmake">
			<Option virtualFolder="CMake Files\..\..\..\..\opt\homebrew\Cellar\qt@5\5.15.8_1\lib\cmake\Qt5Gui\"/>
		</Unit>
		<Unit filename="/Users/zwy/CppProject/VidManPlat/../../../../opt/homebrew/Cellar/qt@5/5.15.8_1/lib/cmake/Qt5Gui/Qt5Gui_QMinimalIntegrationPlugin.cmake">
			<Option virtualFolder="CMake Files\..\..\..\..\opt\homebrew\Cellar\qt@5\5.15.8_1\lib\cmake\Qt5Gui\"/>
		</Unit>
		<Unit filename="/Users/zwy/CppProject/VidManPlat/../../../../opt/homebrew/Cellar/qt@5/5.15.8_1/lib/cmake/Qt5Gui/Qt5Gui_QOffscreenIntegrationPlugin.cmake">
			<Option virtualFolder="CMake Files\..\..\..\..\opt\homebrew\Cellar\qt@5\5.15.8_1\lib\cmake\Qt5Gui\"/>
		</Unit>
		<Unit filename="/Users/zwy/CppProject/VidManPlat/../../../../opt/homebrew/Cellar/qt@5/5.15.8_1/lib/cmake/Qt5Gui/Qt5Gui_QPdfPlugin.cmake">
			<Option virtualFolder="CMake Files\..\..\..\..\opt\homebrew\Cellar\qt@5\5.15.8_1\lib\cmake\Qt5Gui\"/>
		</Unit>
		<Unit filename="/Users/zwy/CppProject/VidManPlat/../../../../opt/homebrew/Cellar/qt@5/5.15.8_1/lib/cmake/Qt5Gui/Qt5Gui_QSvgIconPlugin.cmake">
			<Option virtualFolder="CMake Files\..\..\..\..\opt\homebrew\Cellar\qt@5\5.15.8_1\lib\cmake\Qt5Gui\"/>
		</Unit>
		<Unit filename="/Users/zwy/CppProject/VidManPlat/../../../../opt/homebrew/Cellar/qt@5/5.15.8_1/lib/cmake/Qt5Gui/Qt5Gui_QSvgPlugin.cmake">
			<Option virtualFolder="CMake Files\..\..\..\..\opt\homebrew\Cellar\qt@5\5.15.8_1\lib\cmake\Qt5Gui\"/>
		</Unit>
		<Unit filename="/Users/zwy/CppProject/VidManPlat/../../../../opt/homebrew/Cellar/qt@5/5.15.8_1/lib/cmake/Qt5Gui/Qt5Gui_QTgaPlugin.cmake">
			<Option virtualFolder="CMake Files\..\..\..\..\opt\homebrew\Cellar\qt@5\5.15.8_1\lib\cmake\Qt5Gui\"/>
		</Unit>
		<Unit filename="/Users/zwy/CppProject/VidManPlat/../../../../opt/homebrew/Cellar/qt@5/5.15.8_1/lib/cmake/Qt5Gui/Qt5Gui_QTiffPlugin.cmake">
			<Option virtualFolder="CMake Files\..\..\..\..\opt\homebrew\Cellar\qt@5\5.15.8_1\lib\cmake\Qt5Gui\"/>
		</Unit>
		<Unit filename="/Users/zwy/CppProject/VidManPlat/../../../../opt/homebrew/Cellar/qt@5/5.15.8_1/lib/cmake/Qt5Gui/Qt5Gui_QTuioTouchPlugin.cmake">
			<Option virtualFolder="CMake Files\..\..\..\..\opt\homebrew\Cellar\qt@5\5.15.8_1\lib\cmake\Qt5Gui\"/>
		</Unit>
		<Unit filename="/Users/zwy/CppProject/VidManPlat/../../../../opt/homebrew/Cellar/qt@5/5.15.8_1/lib/cmake/Qt5Gui/Qt5Gui_QVirtualKeyboardPlugin.cmake">
			<Option virtualFolder="CMake Files\..\..\..\..\opt\homebrew\Cellar\qt@5\5.15.8_1\lib\cmake\Qt5Gui\"/>
		</Unit>
		<Unit filename="/Users/zwy/CppProject/VidManPlat/../../../../opt/homebrew/Cellar/qt@5/5.15.8_1/lib/cmake/Qt5Gui/Qt5Gui_QWbmpPlugin.cmake">
			<Option virtualFolder="CMake Files\..\..\..\..\opt\homebrew\Cellar\qt@5\5.15.8_1\lib\cmake\Qt5Gui\"/>
		</Unit>
		<Unit filename="/Users/zwy/CppProject/VidManPlat/../../../../opt/homebrew/Cellar/qt@5/5.15.8_1/lib/cmake/Qt5Gui/Qt5Gui_QWebGLIntegrationPlugin.cmake">
			<Option virtualFolder="CMake Files\..\..\..\..\opt\homebrew\Cellar\qt@5\5.15.8_1\lib\cmake\Qt5Gui\"/>
		</Unit>
		<Unit filename="/Users/zwy/CppProject/VidManPlat/../../../../opt/homebrew/Cellar/qt@5/5.15.8_1/lib/cmake/Qt5Gui/Qt5Gui_QWebpPlugin.cmake">
			<Option virtualFolder="CMake Files\..\..\..\..\opt\homebrew\Cellar\qt@5\5.15.8_1\lib\cmake\Qt5Gui\"/>
		</Unit>
		<Unit filename="/Users/zwy/CppProject/VidManPlat/../../../../opt/homebrew/Cellar/qt@5/5.15.8_1/lib/cmake/Qt5Gui/Qt5Gui_QXdgDesktopPortalThemePlugin.cmake">
			<Option virtualFolder="CMake Files\..\..\..\..\opt\homebrew\Cellar\qt@5\5.15.8_1\lib\cmake\Qt5Gui\"/>
		</Unit>
		<Unit filename="/Users/zwy/CppProject/VidManPlat/../../../../opt/homebrew/Cellar/qt@5/5.15.8_1/lib/cmake/Qt5Widgets/Qt5WidgetsConfig.cmake">
			<Option virtualFolder="CMake Files\..\..\..\..\opt\homebrew\Cellar\qt@5\5.15.8_1\lib\cmake\Qt5Widgets\"/>
		</Unit>
		<Unit filename="/Users/zwy/CppProject/VidManPlat/../../../../opt/homebrew/Cellar/qt@5/5.15.8_1/lib/cmake/Qt5Widgets/Qt5WidgetsConfigExtras.cmake">
			<Option virtualFolder="CMake Files\..\..\..\..\opt\homebrew\Cellar\qt@5\5.15.8_1\lib\cmake\Qt5Widgets\"/>
		</Unit>
		<Unit filename="/Users/zwy/CppProject/VidManPlat/../../../../opt/homebrew/Cellar/qt@5/5.15.8_1/lib/cmake/Qt5Widgets/Qt5WidgetsConfigVersion.cmake">
			<Option virtualFolder="CMake Files\..\..\..\..\opt\homebrew\Cellar\qt@5\5.15.8_1\lib\cmake\Qt5Widgets\"/>
		</Unit>
		<Unit filename="/Users/zwy/CppProject/VidManPlat/../../../../opt/homebrew/Cellar/qt@5/5.15.8_1/lib/cmake/Qt5Widgets/Qt5WidgetsMacros.cmake">
			<Option virtualFolder="CMake Files\..\..\..\..\opt\homebrew\Cellar\qt@5\5.15.8_1\lib\cmake\Qt5Widgets\"/>
		</Unit>
		<Unit filename="/Users/zwy/CppProject/VidManPlat/../../../../opt/homebrew/Cellar/qt@5/5.15.8_1/lib/cmake/Qt5Widgets/Qt5Widgets_QMacStylePlugin.cmake">
			<Option virtualFolder="CMake Files\..\..\..\..\opt\homebrew\Cellar\qt@5\5.15.8_1\lib\cmake\Qt5Widgets\"/>
		</Unit>
	</Project>
</CodeBlocks_project_file>
