<?xml version="1.0" encoding="UTF-8"?>
<CodeBlocks_project_file>
	<FileVersion major="1" minor="6"/>
	<Project>
		<Option title="VideoPanel"/>
		<Option makefile_is_custom="1"/>
		<Option compiler="gcc"/>
		<Option virtualFolders="CMake Files\;CMake Files\src\;CMake Files\src\cpuMonitor\;CMake Files\src\iconHelper\;CMake Files\src\playFFmpeg\;CMake Files\src\videoPanel\;CMake Files\src\addVideoDevice\;CMake Files\cmake\;CMake Files\..\;CMake Files\..\..\;CMake Files\..\..\Qt5.14.2\;CMake Files\..\..\Qt5.14.2\5.14.2\;CMake Files\..\..\Qt5.14.2\5.14.2\gcc_64\;CMake Files\..\..\Qt5.14.2\5.14.2\gcc_64\lib\;CMake Files\..\..\Qt5.14.2\5.14.2\gcc_64\lib\cmake\;CMake Files\..\..\Qt5.14.2\5.14.2\gcc_64\lib\cmake\Qt5\;CMake Files\..\..\Qt5.14.2\5.14.2\gcc_64\lib\cmake\Qt5Core\;CMake Files\..\..\Qt5.14.2\5.14.2\gcc_64\lib\cmake\Qt5Gui\;CMake Files\..\..\Qt5.14.2\5.14.2\gcc_64\lib\cmake\Qt5Widgets\;CMake Files\test\;"/>
		<Build>
			<Target title="all">
				<Option working_dir="/home/zwy/CWorkspace/VidManPlat/0build-linux/src/videoPanel"/>
				<Option type="4"/>
				<MakeCommands>
					<Build command="/usr/bin/make -f &quot;/home/zwy/CWorkspace/VidManPlat/0build-linux/src/videoPanel/Makefile&quot;  VERBOSE=1 all"/>
					<CompileFile command="/usr/bin/make -f &quot;/home/zwy/CWorkspace/VidManPlat/0build-linux/src/videoPanel/Makefile&quot;  VERBOSE=1 &quot;$file&quot;"/>
					<Clean command="/usr/bin/make -f &quot;/home/zwy/CWorkspace/VidManPlat/0build-linux/src/videoPanel/Makefile&quot;  VERBOSE=1 clean"/>
					<DistClean command="/usr/bin/make -f &quot;/home/zwy/CWorkspace/VidManPlat/0build-linux/src/videoPanel/Makefile&quot;  VERBOSE=1 clean"/>
				</MakeCommands>
			</Target>
			<Target title="VideoPanel">
				<Option output="/home/zwy/CWorkspace/VidManPlat/lib/libVideoPanel.a" prefix_auto="0" extension_auto="0"/>
				<Option working_dir="/home/zwy/CWorkspace/VidManPlat/0build-linux/src/videoPanel"/>
				<Option object_output="./"/>
				<Option type="2"/>
				<Option compiler="gcc"/>
				<Compiler>
					<Add option="-DQT_CORE_LIB"/>
					<Add option="-DQT_GUI_LIB"/>
					<Add option="-DQT_WIDGETS_LIB"/>
					<Add directory="/home/zwy/CWorkspace/VidManPlat/0build-linux/src/videoPanel/VideoPanel_autogen/include"/>
					<Add directory="/home/zwy/CWorkspace/VidManPlat/3rdparty/ffmpeg4.4.3/linux/include"/>
					<Add directory="/home/zwy/Qt5.14.2/5.14.2/gcc_64/include"/>
					<Add directory="/home/zwy/Qt5.14.2/5.14.2/gcc_64/include/QtCore"/>
					<Add directory="/home/zwy/Qt5.14.2/5.14.2/gcc_64/./mkspecs/linux-g++"/>
					<Add directory="/home/zwy/Qt5.14.2/5.14.2/gcc_64/include/QtGui"/>
					<Add directory="/home/zwy/Qt5.14.2/5.14.2/gcc_64/include/QtWidgets"/>
				</Compiler>
				<MakeCommands>
					<Build command="/usr/bin/make -f &quot;/home/zwy/CWorkspace/VidManPlat/0build-linux/src/videoPanel/Makefile&quot;  VERBOSE=1 VideoPanel"/>
					<CompileFile command="/usr/bin/make -f &quot;/home/zwy/CWorkspace/VidManPlat/0build-linux/src/videoPanel/Makefile&quot;  VERBOSE=1 &quot;$file&quot;"/>
					<Clean command="/usr/bin/make -f &quot;/home/zwy/CWorkspace/VidManPlat/0build-linux/src/videoPanel/Makefile&quot;  VERBOSE=1 clean"/>
					<DistClean command="/usr/bin/make -f &quot;/home/zwy/CWorkspace/VidManPlat/0build-linux/src/videoPanel/Makefile&quot;  VERBOSE=1 clean"/>
				</MakeCommands>
			</Target>
			<Target title="VideoPanel/fast">
				<Option output="/home/zwy/CWorkspace/VidManPlat/lib/libVideoPanel.a" prefix_auto="0" extension_auto="0"/>
				<Option working_dir="/home/zwy/CWorkspace/VidManPlat/0build-linux/src/videoPanel"/>
				<Option object_output="./"/>
				<Option type="2"/>
				<Option compiler="gcc"/>
				<Compiler>
					<Add option="-DQT_CORE_LIB"/>
					<Add option="-DQT_GUI_LIB"/>
					<Add option="-DQT_WIDGETS_LIB"/>
					<Add directory="/home/zwy/CWorkspace/VidManPlat/0build-linux/src/videoPanel/VideoPanel_autogen/include"/>
					<Add directory="/home/zwy/CWorkspace/VidManPlat/3rdparty/ffmpeg4.4.3/linux/include"/>
					<Add directory="/home/zwy/Qt5.14.2/5.14.2/gcc_64/include"/>
					<Add directory="/home/zwy/Qt5.14.2/5.14.2/gcc_64/include/QtCore"/>
					<Add directory="/home/zwy/Qt5.14.2/5.14.2/gcc_64/./mkspecs/linux-g++"/>
					<Add directory="/home/zwy/Qt5.14.2/5.14.2/gcc_64/include/QtGui"/>
					<Add directory="/home/zwy/Qt5.14.2/5.14.2/gcc_64/include/QtWidgets"/>
				</Compiler>
				<MakeCommands>
					<Build command="/usr/bin/make -f &quot;/home/zwy/CWorkspace/VidManPlat/0build-linux/src/videoPanel/Makefile&quot;  VERBOSE=1 VideoPanel/fast"/>
					<CompileFile command="/usr/bin/make -f &quot;/home/zwy/CWorkspace/VidManPlat/0build-linux/src/videoPanel/Makefile&quot;  VERBOSE=1 &quot;$file&quot;"/>
					<Clean command="/usr/bin/make -f &quot;/home/zwy/CWorkspace/VidManPlat/0build-linux/src/videoPanel/Makefile&quot;  VERBOSE=1 clean"/>
					<DistClean command="/usr/bin/make -f &quot;/home/zwy/CWorkspace/VidManPlat/0build-linux/src/videoPanel/Makefile&quot;  VERBOSE=1 clean"/>
				</MakeCommands>
			</Target>
			<Target title="VideoPanel_autogen">
				<Option working_dir="/home/zwy/CWorkspace/VidManPlat/0build-linux/src/videoPanel"/>
				<Option type="4"/>
				<MakeCommands>
					<Build command="/usr/bin/make -f &quot;/home/zwy/CWorkspace/VidManPlat/0build-linux/src/videoPanel/Makefile&quot;  VERBOSE=1 VideoPanel_autogen"/>
					<CompileFile command="/usr/bin/make -f &quot;/home/zwy/CWorkspace/VidManPlat/0build-linux/src/videoPanel/Makefile&quot;  VERBOSE=1 &quot;$file&quot;"/>
					<Clean command="/usr/bin/make -f &quot;/home/zwy/CWorkspace/VidManPlat/0build-linux/src/videoPanel/Makefile&quot;  VERBOSE=1 clean"/>
					<DistClean command="/usr/bin/make -f &quot;/home/zwy/CWorkspace/VidManPlat/0build-linux/src/videoPanel/Makefile&quot;  VERBOSE=1 clean"/>
				</MakeCommands>
			</Target>
		</Build>
		<Unit filename="/home/zwy/CWorkspace/VidManPlat/0build-linux/src/videoPanel/VideoPanel_autogen/mocs_compilation.cpp">
			<Option target="VideoPanel"/>
		</Unit>
		<Unit filename="/home/zwy/CWorkspace/VidManPlat/src/videoPanel/videobox.cpp">
			<Option target="VideoPanel"/>
		</Unit>
		<Unit filename="/home/zwy/CWorkspace/VidManPlat/src/videoPanel/videobox.h">
			<Option target="VideoPanel"/>
		</Unit>
		<Unit filename="/home/zwy/CWorkspace/VidManPlat/src/videoPanel/videopanel.cpp">
			<Option target="VideoPanel"/>
		</Unit>
		<Unit filename="/home/zwy/CWorkspace/VidManPlat/src/videoPanel/videopanel.h">
			<Option target="VideoPanel"/>
		</Unit>
		<Unit filename="/home/zwy/CWorkspace/VidManPlat/CMakeLists.txt">
			<Option virtualFolder="CMake Files\"/>
		</Unit>
		<Unit filename="/home/zwy/CWorkspace/VidManPlat/src/CMakeLists.txt">
			<Option virtualFolder="CMake Files\src\"/>
		</Unit>
		<Unit filename="/home/zwy/CWorkspace/VidManPlat/src/qss.qrc">
			<Option virtualFolder="CMake Files\src\"/>
		</Unit>
		<Unit filename="/home/zwy/CWorkspace/VidManPlat/src/resource.qrc">
			<Option virtualFolder="CMake Files\src\"/>
		</Unit>
		<Unit filename="/home/zwy/CWorkspace/VidManPlat/src/cpuMonitor/CMakeLists.txt">
			<Option virtualFolder="CMake Files\src\cpuMonitor\"/>
		</Unit>
		<Unit filename="/home/zwy/CWorkspace/VidManPlat/src/iconHelper/CMakeLists.txt">
			<Option virtualFolder="CMake Files\src\iconHelper\"/>
		</Unit>
		<Unit filename="/home/zwy/CWorkspace/VidManPlat/src/playFFmpeg/CMakeLists.txt">
			<Option virtualFolder="CMake Files\src\playFFmpeg\"/>
		</Unit>
		<Unit filename="/home/zwy/CWorkspace/VidManPlat/src/videoPanel/CMakeLists.txt">
			<Option virtualFolder="CMake Files\src\videoPanel\"/>
		</Unit>
		<Unit filename="/home/zwy/CWorkspace/VidManPlat/src/addVideoDevice/CMakeLists.txt">
			<Option virtualFolder="CMake Files\src\addVideoDevice\"/>
		</Unit>
		<Unit filename="/home/zwy/CWorkspace/VidManPlat/cmake/findFFmpeg.cmake">
			<Option virtualFolder="CMake Files\cmake\"/>
		</Unit>
		<Unit filename="/home/zwy/CWorkspace/VidManPlat/cmake/findQt5.cmake">
			<Option virtualFolder="CMake Files\cmake\"/>
		</Unit>
		<Unit filename="/home/zwy/CWorkspace/VidManPlat/../../Qt5.14.2/5.14.2/gcc_64/lib/cmake/Qt5/Qt5Config.cmake">
			<Option virtualFolder="CMake Files\..\..\Qt5.14.2\5.14.2\gcc_64\lib\cmake\Qt5\"/>
		</Unit>
		<Unit filename="/home/zwy/CWorkspace/VidManPlat/../../Qt5.14.2/5.14.2/gcc_64/lib/cmake/Qt5/Qt5ConfigVersion.cmake">
			<Option virtualFolder="CMake Files\..\..\Qt5.14.2\5.14.2\gcc_64\lib\cmake\Qt5\"/>
		</Unit>
		<Unit filename="/home/zwy/CWorkspace/VidManPlat/../../Qt5.14.2/5.14.2/gcc_64/lib/cmake/Qt5/Qt5ModuleLocation.cmake">
			<Option virtualFolder="CMake Files\..\..\Qt5.14.2\5.14.2\gcc_64\lib\cmake\Qt5\"/>
		</Unit>
		<Unit filename="/home/zwy/CWorkspace/VidManPlat/../../Qt5.14.2/5.14.2/gcc_64/lib/cmake/Qt5Core/Qt5CoreConfig.cmake">
			<Option virtualFolder="CMake Files\..\..\Qt5.14.2\5.14.2\gcc_64\lib\cmake\Qt5Core\"/>
		</Unit>
		<Unit filename="/home/zwy/CWorkspace/VidManPlat/../../Qt5.14.2/5.14.2/gcc_64/lib/cmake/Qt5Core/Qt5CoreConfigExtras.cmake">
			<Option virtualFolder="CMake Files\..\..\Qt5.14.2\5.14.2\gcc_64\lib\cmake\Qt5Core\"/>
		</Unit>
		<Unit filename="/home/zwy/CWorkspace/VidManPlat/../../Qt5.14.2/5.14.2/gcc_64/lib/cmake/Qt5Core/Qt5CoreConfigExtrasMkspecDir.cmake">
			<Option virtualFolder="CMake Files\..\..\Qt5.14.2\5.14.2\gcc_64\lib\cmake\Qt5Core\"/>
		</Unit>
		<Unit filename="/home/zwy/CWorkspace/VidManPlat/../../Qt5.14.2/5.14.2/gcc_64/lib/cmake/Qt5Core/Qt5CoreConfigVersion.cmake">
			<Option virtualFolder="CMake Files\..\..\Qt5.14.2\5.14.2\gcc_64\lib\cmake\Qt5Core\"/>
		</Unit>
		<Unit filename="/home/zwy/CWorkspace/VidManPlat/../../Qt5.14.2/5.14.2/gcc_64/lib/cmake/Qt5Core/Qt5CoreMacros.cmake">
			<Option virtualFolder="CMake Files\..\..\Qt5.14.2\5.14.2\gcc_64\lib\cmake\Qt5Core\"/>
		</Unit>
		<Unit filename="/home/zwy/CWorkspace/VidManPlat/../../Qt5.14.2/5.14.2/gcc_64/lib/cmake/Qt5Gui/Qt5GuiConfig.cmake">
			<Option virtualFolder="CMake Files\..\..\Qt5.14.2\5.14.2\gcc_64\lib\cmake\Qt5Gui\"/>
		</Unit>
		<Unit filename="/home/zwy/CWorkspace/VidManPlat/../../Qt5.14.2/5.14.2/gcc_64/lib/cmake/Qt5Gui/Qt5GuiConfigExtras.cmake">
			<Option virtualFolder="CMake Files\..\..\Qt5.14.2\5.14.2\gcc_64\lib\cmake\Qt5Gui\"/>
		</Unit>
		<Unit filename="/home/zwy/CWorkspace/VidManPlat/../../Qt5.14.2/5.14.2/gcc_64/lib/cmake/Qt5Gui/Qt5GuiConfigVersion.cmake">
			<Option virtualFolder="CMake Files\..\..\Qt5.14.2\5.14.2\gcc_64\lib\cmake\Qt5Gui\"/>
		</Unit>
		<Unit filename="/home/zwy/CWorkspace/VidManPlat/../../Qt5.14.2/5.14.2/gcc_64/lib/cmake/Qt5Gui/Qt5Gui_QComposePlatformInputContextPlugin.cmake">
			<Option virtualFolder="CMake Files\..\..\Qt5.14.2\5.14.2\gcc_64\lib\cmake\Qt5Gui\"/>
		</Unit>
		<Unit filename="/home/zwy/CWorkspace/VidManPlat/../../Qt5.14.2/5.14.2/gcc_64/lib/cmake/Qt5Gui/Qt5Gui_QEglFSEmulatorIntegrationPlugin.cmake">
			<Option virtualFolder="CMake Files\..\..\Qt5.14.2\5.14.2\gcc_64\lib\cmake\Qt5Gui\"/>
		</Unit>
		<Unit filename="/home/zwy/CWorkspace/VidManPlat/../../Qt5.14.2/5.14.2/gcc_64/lib/cmake/Qt5Gui/Qt5Gui_QEglFSIntegrationPlugin.cmake">
			<Option virtualFolder="CMake Files\..\..\Qt5.14.2\5.14.2\gcc_64\lib\cmake\Qt5Gui\"/>
		</Unit>
		<Unit filename="/home/zwy/CWorkspace/VidManPlat/../../Qt5.14.2/5.14.2/gcc_64/lib/cmake/Qt5Gui/Qt5Gui_QEglFSKmsEglDeviceIntegrationPlugin.cmake">
			<Option virtualFolder="CMake Files\..\..\Qt5.14.2\5.14.2\gcc_64\lib\cmake\Qt5Gui\"/>
		</Unit>
		<Unit filename="/home/zwy/CWorkspace/VidManPlat/../../Qt5.14.2/5.14.2/gcc_64/lib/cmake/Qt5Gui/Qt5Gui_QEglFSX11IntegrationPlugin.cmake">
			<Option virtualFolder="CMake Files\..\..\Qt5.14.2\5.14.2\gcc_64\lib\cmake\Qt5Gui\"/>
		</Unit>
		<Unit filename="/home/zwy/CWorkspace/VidManPlat/../../Qt5.14.2/5.14.2/gcc_64/lib/cmake/Qt5Gui/Qt5Gui_QEvdevKeyboardPlugin.cmake">
			<Option virtualFolder="CMake Files\..\..\Qt5.14.2\5.14.2\gcc_64\lib\cmake\Qt5Gui\"/>
		</Unit>
		<Unit filename="/home/zwy/CWorkspace/VidManPlat/../../Qt5.14.2/5.14.2/gcc_64/lib/cmake/Qt5Gui/Qt5Gui_QEvdevMousePlugin.cmake">
			<Option virtualFolder="CMake Files\..\..\Qt5.14.2\5.14.2\gcc_64\lib\cmake\Qt5Gui\"/>
		</Unit>
		<Unit filename="/home/zwy/CWorkspace/VidManPlat/../../Qt5.14.2/5.14.2/gcc_64/lib/cmake/Qt5Gui/Qt5Gui_QEvdevTabletPlugin.cmake">
			<Option virtualFolder="CMake Files\..\..\Qt5.14.2\5.14.2\gcc_64\lib\cmake\Qt5Gui\"/>
		</Unit>
		<Unit filename="/home/zwy/CWorkspace/VidManPlat/../../Qt5.14.2/5.14.2/gcc_64/lib/cmake/Qt5Gui/Qt5Gui_QEvdevTouchScreenPlugin.cmake">
			<Option virtualFolder="CMake Files\..\..\Qt5.14.2\5.14.2\gcc_64\lib\cmake\Qt5Gui\"/>
		</Unit>
		<Unit filename="/home/zwy/CWorkspace/VidManPlat/../../Qt5.14.2/5.14.2/gcc_64/lib/cmake/Qt5Gui/Qt5Gui_QGifPlugin.cmake">
			<Option virtualFolder="CMake Files\..\..\Qt5.14.2\5.14.2\gcc_64\lib\cmake\Qt5Gui\"/>
		</Unit>
		<Unit filename="/home/zwy/CWorkspace/VidManPlat/../../Qt5.14.2/5.14.2/gcc_64/lib/cmake/Qt5Gui/Qt5Gui_QGtk3ThemePlugin.cmake">
			<Option virtualFolder="CMake Files\..\..\Qt5.14.2\5.14.2\gcc_64\lib\cmake\Qt5Gui\"/>
		</Unit>
		<Unit filename="/home/zwy/CWorkspace/VidManPlat/../../Qt5.14.2/5.14.2/gcc_64/lib/cmake/Qt5Gui/Qt5Gui_QICNSPlugin.cmake">
			<Option virtualFolder="CMake Files\..\..\Qt5.14.2\5.14.2\gcc_64\lib\cmake\Qt5Gui\"/>
		</Unit>
		<Unit filename="/home/zwy/CWorkspace/VidManPlat/../../Qt5.14.2/5.14.2/gcc_64/lib/cmake/Qt5Gui/Qt5Gui_QICOPlugin.cmake">
			<Option virtualFolder="CMake Files\..\..\Qt5.14.2\5.14.2\gcc_64\lib\cmake\Qt5Gui\"/>
		</Unit>
		<Unit filename="/home/zwy/CWorkspace/VidManPlat/../../Qt5.14.2/5.14.2/gcc_64/lib/cmake/Qt5Gui/Qt5Gui_QIbusPlatformInputContextPlugin.cmake">
			<Option virtualFolder="CMake Files\..\..\Qt5.14.2\5.14.2\gcc_64\lib\cmake\Qt5Gui\"/>
		</Unit>
		<Unit filename="/home/zwy/CWorkspace/VidManPlat/../../Qt5.14.2/5.14.2/gcc_64/lib/cmake/Qt5Gui/Qt5Gui_QJpegPlugin.cmake">
			<Option virtualFolder="CMake Files\..\..\Qt5.14.2\5.14.2\gcc_64\lib\cmake\Qt5Gui\"/>
		</Unit>
		<Unit filename="/home/zwy/CWorkspace/VidManPlat/../../Qt5.14.2/5.14.2/gcc_64/lib/cmake/Qt5Gui/Qt5Gui_QLinuxFbIntegrationPlugin.cmake">
			<Option virtualFolder="CMake Files\..\..\Qt5.14.2\5.14.2\gcc_64\lib\cmake\Qt5Gui\"/>
		</Unit>
		<Unit filename="/home/zwy/CWorkspace/VidManPlat/../../Qt5.14.2/5.14.2/gcc_64/lib/cmake/Qt5Gui/Qt5Gui_QMinimalEglIntegrationPlugin.cmake">
			<Option virtualFolder="CMake Files\..\..\Qt5.14.2\5.14.2\gcc_64\lib\cmake\Qt5Gui\"/>
		</Unit>
		<Unit filename="/home/zwy/CWorkspace/VidManPlat/../../Qt5.14.2/5.14.2/gcc_64/lib/cmake/Qt5Gui/Qt5Gui_QMinimalIntegrationPlugin.cmake">
			<Option virtualFolder="CMake Files\..\..\Qt5.14.2\5.14.2\gcc_64\lib\cmake\Qt5Gui\"/>
		</Unit>
		<Unit filename="/home/zwy/CWorkspace/VidManPlat/../../Qt5.14.2/5.14.2/gcc_64/lib/cmake/Qt5Gui/Qt5Gui_QOffscreenIntegrationPlugin.cmake">
			<Option virtualFolder="CMake Files\..\..\Qt5.14.2\5.14.2\gcc_64\lib\cmake\Qt5Gui\"/>
		</Unit>
		<Unit filename="/home/zwy/CWorkspace/VidManPlat/../../Qt5.14.2/5.14.2/gcc_64/lib/cmake/Qt5Gui/Qt5Gui_QSvgIconPlugin.cmake">
			<Option virtualFolder="CMake Files\..\..\Qt5.14.2\5.14.2\gcc_64\lib\cmake\Qt5Gui\"/>
		</Unit>
		<Unit filename="/home/zwy/CWorkspace/VidManPlat/../../Qt5.14.2/5.14.2/gcc_64/lib/cmake/Qt5Gui/Qt5Gui_QSvgPlugin.cmake">
			<Option virtualFolder="CMake Files\..\..\Qt5.14.2\5.14.2\gcc_64\lib\cmake\Qt5Gui\"/>
		</Unit>
		<Unit filename="/home/zwy/CWorkspace/VidManPlat/../../Qt5.14.2/5.14.2/gcc_64/lib/cmake/Qt5Gui/Qt5Gui_QTgaPlugin.cmake">
			<Option virtualFolder="CMake Files\..\..\Qt5.14.2\5.14.2\gcc_64\lib\cmake\Qt5Gui\"/>
		</Unit>
		<Unit filename="/home/zwy/CWorkspace/VidManPlat/../../Qt5.14.2/5.14.2/gcc_64/lib/cmake/Qt5Gui/Qt5Gui_QTiffPlugin.cmake">
			<Option virtualFolder="CMake Files\..\..\Qt5.14.2\5.14.2\gcc_64\lib\cmake\Qt5Gui\"/>
		</Unit>
		<Unit filename="/home/zwy/CWorkspace/VidManPlat/../../Qt5.14.2/5.14.2/gcc_64/lib/cmake/Qt5Gui/Qt5Gui_QTuioTouchPlugin.cmake">
			<Option virtualFolder="CMake Files\..\..\Qt5.14.2\5.14.2\gcc_64\lib\cmake\Qt5Gui\"/>
		</Unit>
		<Unit filename="/home/zwy/CWorkspace/VidManPlat/../../Qt5.14.2/5.14.2/gcc_64/lib/cmake/Qt5Gui/Qt5Gui_QVirtualKeyboardPlugin.cmake">
			<Option virtualFolder="CMake Files\..\..\Qt5.14.2\5.14.2\gcc_64\lib\cmake\Qt5Gui\"/>
		</Unit>
		<Unit filename="/home/zwy/CWorkspace/VidManPlat/../../Qt5.14.2/5.14.2/gcc_64/lib/cmake/Qt5Gui/Qt5Gui_QVncIntegrationPlugin.cmake">
			<Option virtualFolder="CMake Files\..\..\Qt5.14.2\5.14.2\gcc_64\lib\cmake\Qt5Gui\"/>
		</Unit>
		<Unit filename="/home/zwy/CWorkspace/VidManPlat/../../Qt5.14.2/5.14.2/gcc_64/lib/cmake/Qt5Gui/Qt5Gui_QWaylandEglPlatformIntegrationPlugin.cmake">
			<Option virtualFolder="CMake Files\..\..\Qt5.14.2\5.14.2\gcc_64\lib\cmake\Qt5Gui\"/>
		</Unit>
		<Unit filename="/home/zwy/CWorkspace/VidManPlat/../../Qt5.14.2/5.14.2/gcc_64/lib/cmake/Qt5Gui/Qt5Gui_QWaylandIntegrationPlugin.cmake">
			<Option virtualFolder="CMake Files\..\..\Qt5.14.2\5.14.2\gcc_64\lib\cmake\Qt5Gui\"/>
		</Unit>
		<Unit filename="/home/zwy/CWorkspace/VidManPlat/../../Qt5.14.2/5.14.2/gcc_64/lib/cmake/Qt5Gui/Qt5Gui_QWaylandXCompositeEglPlatformIntegrationPlugin.cmake">
			<Option virtualFolder="CMake Files\..\..\Qt5.14.2\5.14.2\gcc_64\lib\cmake\Qt5Gui\"/>
		</Unit>
		<Unit filename="/home/zwy/CWorkspace/VidManPlat/../../Qt5.14.2/5.14.2/gcc_64/lib/cmake/Qt5Gui/Qt5Gui_QWaylandXCompositeGlxPlatformIntegrationPlugin.cmake">
			<Option virtualFolder="CMake Files\..\..\Qt5.14.2\5.14.2\gcc_64\lib\cmake\Qt5Gui\"/>
		</Unit>
		<Unit filename="/home/zwy/CWorkspace/VidManPlat/../../Qt5.14.2/5.14.2/gcc_64/lib/cmake/Qt5Gui/Qt5Gui_QWbmpPlugin.cmake">
			<Option virtualFolder="CMake Files\..\..\Qt5.14.2\5.14.2\gcc_64\lib\cmake\Qt5Gui\"/>
		</Unit>
		<Unit filename="/home/zwy/CWorkspace/VidManPlat/../../Qt5.14.2/5.14.2/gcc_64/lib/cmake/Qt5Gui/Qt5Gui_QWebGLIntegrationPlugin.cmake">
			<Option virtualFolder="CMake Files\..\..\Qt5.14.2\5.14.2\gcc_64\lib\cmake\Qt5Gui\"/>
		</Unit>
		<Unit filename="/home/zwy/CWorkspace/VidManPlat/../../Qt5.14.2/5.14.2/gcc_64/lib/cmake/Qt5Gui/Qt5Gui_QWebpPlugin.cmake">
			<Option virtualFolder="CMake Files\..\..\Qt5.14.2\5.14.2\gcc_64\lib\cmake\Qt5Gui\"/>
		</Unit>
		<Unit filename="/home/zwy/CWorkspace/VidManPlat/../../Qt5.14.2/5.14.2/gcc_64/lib/cmake/Qt5Gui/Qt5Gui_QXcbEglIntegrationPlugin.cmake">
			<Option virtualFolder="CMake Files\..\..\Qt5.14.2\5.14.2\gcc_64\lib\cmake\Qt5Gui\"/>
		</Unit>
		<Unit filename="/home/zwy/CWorkspace/VidManPlat/../../Qt5.14.2/5.14.2/gcc_64/lib/cmake/Qt5Gui/Qt5Gui_QXcbGlxIntegrationPlugin.cmake">
			<Option virtualFolder="CMake Files\..\..\Qt5.14.2\5.14.2\gcc_64\lib\cmake\Qt5Gui\"/>
		</Unit>
		<Unit filename="/home/zwy/CWorkspace/VidManPlat/../../Qt5.14.2/5.14.2/gcc_64/lib/cmake/Qt5Gui/Qt5Gui_QXcbIntegrationPlugin.cmake">
			<Option virtualFolder="CMake Files\..\..\Qt5.14.2\5.14.2\gcc_64\lib\cmake\Qt5Gui\"/>
		</Unit>
		<Unit filename="/home/zwy/CWorkspace/VidManPlat/../../Qt5.14.2/5.14.2/gcc_64/lib/cmake/Qt5Gui/Qt5Gui_QXdgDesktopPortalThemePlugin.cmake">
			<Option virtualFolder="CMake Files\..\..\Qt5.14.2\5.14.2\gcc_64\lib\cmake\Qt5Gui\"/>
		</Unit>
		<Unit filename="/home/zwy/CWorkspace/VidManPlat/../../Qt5.14.2/5.14.2/gcc_64/lib/cmake/Qt5Widgets/Qt5WidgetsConfig.cmake">
			<Option virtualFolder="CMake Files\..\..\Qt5.14.2\5.14.2\gcc_64\lib\cmake\Qt5Widgets\"/>
		</Unit>
		<Unit filename="/home/zwy/CWorkspace/VidManPlat/../../Qt5.14.2/5.14.2/gcc_64/lib/cmake/Qt5Widgets/Qt5WidgetsConfigExtras.cmake">
			<Option virtualFolder="CMake Files\..\..\Qt5.14.2\5.14.2\gcc_64\lib\cmake\Qt5Widgets\"/>
		</Unit>
		<Unit filename="/home/zwy/CWorkspace/VidManPlat/../../Qt5.14.2/5.14.2/gcc_64/lib/cmake/Qt5Widgets/Qt5WidgetsConfigVersion.cmake">
			<Option virtualFolder="CMake Files\..\..\Qt5.14.2\5.14.2\gcc_64\lib\cmake\Qt5Widgets\"/>
		</Unit>
		<Unit filename="/home/zwy/CWorkspace/VidManPlat/../../Qt5.14.2/5.14.2/gcc_64/lib/cmake/Qt5Widgets/Qt5WidgetsMacros.cmake">
			<Option virtualFolder="CMake Files\..\..\Qt5.14.2\5.14.2\gcc_64\lib\cmake\Qt5Widgets\"/>
		</Unit>
		<Unit filename="/home/zwy/CWorkspace/VidManPlat/test/CMakeLists.txt">
			<Option virtualFolder="CMake Files\test\"/>
		</Unit>
	</Project>
</CodeBlocks_project_file>
